// !$*UTF8*$!
{
	archiveVersion = 1;
	classes = {
	};
	objectVersion = 46;
	objects = {

/* Begin PBXBuildFile section */
		0724281B1F726B0300C02F87 /* ImagePicker.swift in Sources */ = {isa = PBXBuildFile; fileRef = 0724281A1F726B0300C02F87 /* ImagePicker.swift */; };
		07E826961F5BF0F20077A017 /* AppDelegate.swift in Sources */ = {isa = PBXBuildFile; fileRef = 07E826951F5BF0F20077A017 /* AppDelegate.swift */; };
		07E8269D1F5BF0F20077A017 /* Assets.xcassets in Resources */ = {isa = PBXBuildFile; fileRef = 07E8269C1F5BF0F20077A017 /* Assets.xcassets */; };
		07E827101F5BF1BA0077A017 /* HighlightManager.swift in Sources */ = {isa = PBXBuildFile; fileRef = 07E826A81F5BF1BA0077A017 /* HighlightManager.swift */; };
		07E8271B1F5BF1BA0077A017 /* PDFRender.swift in Sources */ = {isa = PBXBuildFile; fileRef = 07E826BE1F5BF1BA0077A017 /* PDFRender.swift */; };
		07E8271D1F5BF1BA0077A017 /* File.swift in Sources */ = {isa = PBXBuildFile; fileRef = 07E826C11F5BF1BA0077A017 /* File.swift */; };
		07E8271E1F5BF1BA0077A017 /* Theme.swift in Sources */ = {isa = PBXBuildFile; fileRef = 07E826C21F5BF1BA0077A017 /* Theme.swift */; };
		07E827441F5BF1BA0077A017 /* Edit.storyboard in Resources */ = {isa = PBXBuildFile; fileRef = 07E826F31F5BF1BA0077A017 /* Edit.storyboard */; };
		07E827471F5BF1BA0077A017 /* Settings.storyboard in Resources */ = {isa = PBXBuildFile; fileRef = 07E826F61F5BF1BA0077A017 /* Settings.storyboard */; };
		07E827481F5BF1BA0077A017 /* Configure.swift in Sources */ = {isa = PBXBuildFile; fileRef = 07E826F81F5BF1BA0077A017 /* Configure.swift */; };
		07E827491F5BF1BA0077A017 /* Constant.swift in Sources */ = {isa = PBXBuildFile; fileRef = 07E826F91F5BF1BA0077A017 /* Constant.swift */; };
		07E8274C1F5BF1BA0077A017 /* Localization.swift in Sources */ = {isa = PBXBuildFile; fileRef = 07E826FC1F5BF1BA0077A017 /* Localization.swift */; };
		07E8274D1F5BF1BA0077A017 /* Utils.swift in Sources */ = {isa = PBXBuildFile; fileRef = 07E826FD1F5BF1BA0077A017 /* Utils.swift */; };
		07E827521F5BF1BA0077A017 /* MenuView.swift in Sources */ = {isa = PBXBuildFile; fileRef = 07E827031F5BF1BA0077A017 /* MenuView.swift */; };
		07E827551F5BF1BA0077A017 /* EditViewController.swift in Sources */ = {isa = PBXBuildFile; fileRef = 07E827071F5BF1BA0077A017 /* EditViewController.swift */; };
		07E827561F5BF1BA0077A017 /* FilesViewController.swift in Sources */ = {isa = PBXBuildFile; fileRef = 07E827081F5BF1BA0077A017 /* FilesViewController.swift */; };
		07E827591F5BF1BA0077A017 /* OptionsViewController.swift in Sources */ = {isa = PBXBuildFile; fileRef = 07E8270B1F5BF1BA0077A017 /* OptionsViewController.swift */; };
		07E8275A1F5BF1BA0077A017 /* SettingsViewController.swift in Sources */ = {isa = PBXBuildFile; fileRef = 07E8270C1F5BF1BA0077A017 /* SettingsViewController.swift */; };
		07E8275B1F5BF1BA0077A017 /* TextViewController.swift in Sources */ = {isa = PBXBuildFile; fileRef = 07E8270D1F5BF1BA0077A017 /* TextViewController.swift */; };
		07E8275C1F5BF1BA0077A017 /* PreviewViewController.swift in Sources */ = {isa = PBXBuildFile; fileRef = 07E8270E1F5BF1BA0077A017 /* PreviewViewController.swift */; };
		07E8275D1F5BF1BA0077A017 /* HomeViewController.swift in Sources */ = {isa = PBXBuildFile; fileRef = 07E8270F1F5BF1BA0077A017 /* HomeViewController.swift */; };
		07E827651F5BF24B0077A017 /* Localizable.strings in Resources */ = {isa = PBXBuildFile; fileRef = 07E827671F5BF24B0077A017 /* Localizable.strings */; };
		760C29682320F3EC002E613E /* stack.c in Sources */ = {isa = PBXBuildFile; fileRef = 760C29592320F3EA002E613E /* stack.c */; };
		760C29692320F3EC002E613E /* html_smartypants.c in Sources */ = {isa = PBXBuildFile; fileRef = 760C295A2320F3EA002E613E /* html_smartypants.c */; };
		760C296A2320F3EC002E613E /* html.c in Sources */ = {isa = PBXBuildFile; fileRef = 760C295D2320F3EA002E613E /* html.c */; };
		760C296B2320F3EC002E613E /* autolink.c in Sources */ = {isa = PBXBuildFile; fileRef = 760C295E2320F3EA002E613E /* autolink.c */; };
		760C296C2320F3EC002E613E /* version.c in Sources */ = {isa = PBXBuildFile; fileRef = 760C295F2320F3EA002E613E /* version.c */; };
		760C296D2320F3EC002E613E /* buffer.c in Sources */ = {isa = PBXBuildFile; fileRef = 760C29622320F3EB002E613E /* buffer.c */; };
		760C296E2320F3EC002E613E /* html_blocks.c in Sources */ = {isa = PBXBuildFile; fileRef = 760C29652320F3EB002E613E /* html_blocks.c */; };
		760C296F2320F3EC002E613E /* escape.c in Sources */ = {isa = PBXBuildFile; fileRef = 760C29662320F3EB002E613E /* escape.c */; };
		760C29702320F3EC002E613E /* document.c in Sources */ = {isa = PBXBuildFile; fileRef = 760C29672320F3EB002E613E /* document.c */; };
		760C29732320F3FA002E613E /* hoedown_html_patch.c in Sources */ = {isa = PBXBuildFile; fileRef = 760C29712320F3FA002E613E /* hoedown_html_patch.c */; };
		7613F11F2325F6FE006EE3B9 /* Resources.zip in Resources */ = {isa = PBXBuildFile; fileRef = 7613F11D2325F6FE006EE3B9 /* Resources.zip */; };
		7613F1272325F8AF006EE3B9 /* ReadMe.md in Resources */ = {isa = PBXBuildFile; fileRef = 7613F1232325F8AF006EE3B9 /* ReadMe.md */; };
		7613F12A2325FA02006EE3B9 /* 示例文档.md in Resources */ = {isa = PBXBuildFile; fileRef = 7613F1282325FA02006EE3B9 /* 示例文档.md */; };
		761F825022E16D6500C3435C /* WebViewController.swift in Sources */ = {isa = PBXBuildFile; fileRef = 761F824F22E16D6500C3435C /* WebViewController.swift */; };
		762CF0F92322650A00F2FF90 /* MarkdownRender.m in Sources */ = {isa = PBXBuildFile; fileRef = 762CF0F82322650A00F2FF90 /* MarkdownRender.m */; };
		7635A0AA23790BAA00679C4E /* RecentImageCell.swift in Sources */ = {isa = PBXBuildFile; fileRef = 7635A0A923790BAA00679C4E /* RecentImageCell.swift */; };
		7635E5CA23473212008E1DEF /* Document.swift in Sources */ = {isa = PBXBuildFile; fileRef = 7635E5C923473212008E1DEF /* Document.swift */; };
		7635E5CF234AF3B6008E1DEF /* Main.storyboard in Resources */ = {isa = PBXBuildFile; fileRef = 7635E5CE234AF3B6008E1DEF /* Main.storyboard */; };
		76485ACC2466608D00437411 /* TextView.swift in Sources */ = {isa = PBXBuildFile; fileRef = 76485ACB2466608D00437411 /* TextView.swift */; };
		76485ACE2466A86700437411 /* RecentImagesViewController.swift in Sources */ = {isa = PBXBuildFile; fileRef = 76485ACD2466A86700437411 /* RecentImagesViewController.swift */; };
		7655B51B246BCA520043EA43 /* ActivityIndicator.swift in Sources */ = {isa = PBXBuildFile; fileRef = 7655B51A246BCA520043EA43 /* ActivityIndicator.swift */; };
		7655DD8B2455AB00006D7D65 /* Seperator.swift in Sources */ = {isa = PBXBuildFile; fileRef = 7655DD8A2455AB00006D7D65 /* Seperator.swift */; };
		766F117C2350803A00E6395E /* KeyboardBar.swift in Sources */ = {isa = PBXBuildFile; fileRef = 766F117B2350803A00E6395E /* KeyboardBar.swift */; };
		766F118B2351AB0600E6395E /* LaunchScreen.storyboard in Resources */ = {isa = PBXBuildFile; fileRef = 766F11892351AB0600E6395E /* LaunchScreen.storyboard */; };
		76849D1824472CDF00DF0A45 /* TocListViewController.swift in Sources */ = {isa = PBXBuildFile; fileRef = 76849D1724472CDF00DF0A45 /* TocListViewController.swift */; };
		76849D1A24472D7A00DF0A45 /* TOCItem.swift in Sources */ = {isa = PBXBuildFile; fileRef = 76849D1924472D7A00DF0A45 /* TOCItem.swift */; };
		768762B922D86CE900A54EB1 /* IAPHelper.swift in Sources */ = {isa = PBXBuildFile; fileRef = 768762B822D86CE900A54EB1 /* IAPHelper.swift */; };
		768762BB22D86D1C00A54EB1 /* PurchaseViewController.swift in Sources */ = {isa = PBXBuildFile; fileRef = 768762BA22D86D1C00A54EB1 /* PurchaseViewController.swift */; };
		7699B210236ADC3C005F394D /* ExportActivity.swift in Sources */ = {isa = PBXBuildFile; fileRef = 7699B20F236ADC3C005F394D /* ExportActivity.swift */; };
		769E1D24240422640064B822 /* ServerInfo.swift in Sources */ = {isa = PBXBuildFile; fileRef = 769E1D23240422640064B822 /* ServerInfo.swift */; };
		769E1F37240506110064B822 /* AppearanceViewController.swift in Sources */ = {isa = PBXBuildFile; fileRef = 769E1F36240506110064B822 /* AppearanceViewController.swift */; };
		76A4D272234EF98200B87A78 /* FileSharingViewController.swift in Sources */ = {isa = PBXBuildFile; fileRef = 76A4D271234EF98200B87A78 /* FileSharingViewController.swift */; };
		76A847C6246AA4200031A6E6 /* icon_logo_dark@3x.png in Resources */ = {isa = PBXBuildFile; fileRef = 76A847C5246AA4200031A6E6 /* icon_logo_dark@3x.png */; };
		76AF260A243DA40D002537A1 /* WKWebView+Snapshot.swift in Sources */ = {isa = PBXBuildFile; fileRef = 76AF2609243DA40D002537A1 /* WKWebView+Snapshot.swift */; };
		76C59B3E2384E5D800BE81ED /* NSURLProtocol+WKWebVIew.m in Sources */ = {isa = PBXBuildFile; fileRef = 76C59B3A2384E5D700BE81ED /* NSURLProtocol+WKWebVIew.m */; };
		76C59B412384E69500BE81ED /* MDURLProtocol.m in Sources */ = {isa = PBXBuildFile; fileRef = 76C59B402384E69500BE81ED /* MDURLProtocol.m */; };
		76CF5B0823541DC100E87A99 /* 使用教程.md in Resources */ = {isa = PBXBuildFile; fileRef = 76CF5B0723541DC000E87A99 /* 使用教程.md */; };
		76CF5B0A235425EA00E87A99 /* Syntax.md in Resources */ = {isa = PBXBuildFile; fileRef = 76CF5B09235425EA00E87A99 /* Syntax.md */; };
		76DFD721232926AC00F97D56 /* CustomStyleViewController.swift in Sources */ = {isa = PBXBuildFile; fileRef = 76DFD720232926AC00F97D56 /* CustomStyleViewController.swift */; };
		76E7F271233CAEE10051DF6A /* BaseTableViewCell.swift in Sources */ = {isa = PBXBuildFile; fileRef = 76E7F270233CAEE10051DF6A /* BaseTableViewCell.swift */; };
		76E7F275233CB5E30051DF6A /* icon_logo.png in Resources */ = {isa = PBXBuildFile; fileRef = 76E7F274233CB5E30051DF6A /* icon_logo.png */; };
		89C305FDB08983CC88E50F5B /* Pods_Markdown.framework in Frameworks */ = {isa = PBXBuildFile; fileRef = 0CED168CEF9A6EB3A1E2F9CC /* Pods_Markdown.framework */; };
/* End PBXBuildFile section */

/* Begin PBXFileReference section */
		0724281A1F726B0300C02F87 /* ImagePicker.swift */ = {isa = PBXFileReference; fileEncoding = 4; lastKnownFileType = sourcecode.swift; path = ImagePicker.swift; sourceTree = "<group>"; };
		07E826921F5BF0F20077A017 /* Markdown.app */ = {isa = PBXFileReference; explicitFileType = wrapper.application; includeInIndex = 0; path = Markdown.app; sourceTree = BUILT_PRODUCTS_DIR; };
		07E826951F5BF0F20077A017 /* AppDelegate.swift */ = {isa = PBXFileReference; lastKnownFileType = sourcecode.swift; path = AppDelegate.swift; sourceTree = "<group>"; };
		07E8269C1F5BF0F20077A017 /* Assets.xcassets */ = {isa = PBXFileReference; lastKnownFileType = folder.assetcatalog; path = Assets.xcassets; sourceTree = "<group>"; };
		07E826A11F5BF0F20077A017 /* Info.plist */ = {isa = PBXFileReference; lastKnownFileType = text.plist.xml; path = Info.plist; sourceTree = "<group>"; };
		07E826A81F5BF1BA0077A017 /* HighlightManager.swift */ = {isa = PBXFileReference; fileEncoding = 4; lastKnownFileType = sourcecode.swift; path = HighlightManager.swift; sourceTree = "<group>"; };
		07E826BD1F5BF1BA0077A017 /* MarkLite-Bridging-Header.h */ = {isa = PBXFileReference; fileEncoding = 4; lastKnownFileType = sourcecode.c.h; path = "MarkLite-Bridging-Header.h"; sourceTree = "<group>"; };
		07E826BE1F5BF1BA0077A017 /* PDFRender.swift */ = {isa = PBXFileReference; fileEncoding = 4; lastKnownFileType = sourcecode.swift; path = PDFRender.swift; sourceTree = "<group>"; };
		07E826C11F5BF1BA0077A017 /* File.swift */ = {isa = PBXFileReference; fileEncoding = 4; lastKnownFileType = sourcecode.swift; path = File.swift; sourceTree = "<group>"; };
		07E826C21F5BF1BA0077A017 /* Theme.swift */ = {isa = PBXFileReference; fileEncoding = 4; lastKnownFileType = sourcecode.swift; path = Theme.swift; sourceTree = "<group>"; };
		07E826F31F5BF1BA0077A017 /* Edit.storyboard */ = {isa = PBXFileReference; fileEncoding = 4; lastKnownFileType = file.storyboard; path = Edit.storyboard; sourceTree = "<group>"; };
		07E826F61F5BF1BA0077A017 /* Settings.storyboard */ = {isa = PBXFileReference; fileEncoding = 4; lastKnownFileType = file.storyboard; path = Settings.storyboard; sourceTree = "<group>"; };
		07E826F81F5BF1BA0077A017 /* Configure.swift */ = {isa = PBXFileReference; fileEncoding = 4; lastKnownFileType = sourcecode.swift; path = Configure.swift; sourceTree = "<group>"; };
		07E826F91F5BF1BA0077A017 /* Constant.swift */ = {isa = PBXFileReference; fileEncoding = 4; lastKnownFileType = sourcecode.swift; path = Constant.swift; sourceTree = "<group>"; };
		07E826FC1F5BF1BA0077A017 /* Localization.swift */ = {isa = PBXFileReference; fileEncoding = 4; lastKnownFileType = sourcecode.swift; path = Localization.swift; sourceTree = "<group>"; };
		07E826FD1F5BF1BA0077A017 /* Utils.swift */ = {isa = PBXFileReference; fileEncoding = 4; lastKnownFileType = sourcecode.swift; path = Utils.swift; sourceTree = "<group>"; };
		07E827031F5BF1BA0077A017 /* MenuView.swift */ = {isa = PBXFileReference; fileEncoding = 4; lastKnownFileType = sourcecode.swift; path = MenuView.swift; sourceTree = "<group>"; };
		07E827071F5BF1BA0077A017 /* EditViewController.swift */ = {isa = PBXFileReference; fileEncoding = 4; lastKnownFileType = sourcecode.swift; path = EditViewController.swift; sourceTree = "<group>"; };
		07E827081F5BF1BA0077A017 /* FilesViewController.swift */ = {isa = PBXFileReference; fileEncoding = 4; lastKnownFileType = sourcecode.swift; path = FilesViewController.swift; sourceTree = "<group>"; };
		07E8270B1F5BF1BA0077A017 /* OptionsViewController.swift */ = {isa = PBXFileReference; fileEncoding = 4; lastKnownFileType = sourcecode.swift; path = OptionsViewController.swift; sourceTree = "<group>"; };
		07E8270C1F5BF1BA0077A017 /* SettingsViewController.swift */ = {isa = PBXFileReference; fileEncoding = 4; lastKnownFileType = sourcecode.swift; path = SettingsViewController.swift; sourceTree = "<group>"; };
		07E8270D1F5BF1BA0077A017 /* TextViewController.swift */ = {isa = PBXFileReference; fileEncoding = 4; lastKnownFileType = sourcecode.swift; path = TextViewController.swift; sourceTree = "<group>"; };
		07E8270E1F5BF1BA0077A017 /* PreviewViewController.swift */ = {isa = PBXFileReference; fileEncoding = 4; lastKnownFileType = sourcecode.swift; path = PreviewViewController.swift; sourceTree = "<group>"; };
		07E8270F1F5BF1BA0077A017 /* HomeViewController.swift */ = {isa = PBXFileReference; fileEncoding = 4; lastKnownFileType = sourcecode.swift; path = HomeViewController.swift; sourceTree = "<group>"; };
		07E827661F5BF24B0077A017 /* Base */ = {isa = PBXFileReference; lastKnownFileType = text.plist.strings; name = Base; path = Base.lproj/Localizable.strings; sourceTree = "<group>"; };
		07E827691F5BF24E0077A017 /* zh-Hans */ = {isa = PBXFileReference; lastKnownFileType = text.plist.strings; name = "zh-Hans"; path = "zh-Hans.lproj/Localizable.strings"; sourceTree = "<group>"; };
		0CED168CEF9A6EB3A1E2F9CC /* Pods_Markdown.framework */ = {isa = PBXFileReference; explicitFileType = wrapper.framework; includeInIndex = 0; path = Pods_Markdown.framework; sourceTree = BUILT_PRODUCTS_DIR; };
		760C29582320F3E9002E613E /* escape.h */ = {isa = PBXFileReference; fileEncoding = 4; lastKnownFileType = sourcecode.c.h; path = escape.h; sourceTree = "<group>"; };
		760C29592320F3EA002E613E /* stack.c */ = {isa = PBXFileReference; fileEncoding = 4; lastKnownFileType = sourcecode.c.c; path = stack.c; sourceTree = "<group>"; };
		760C295A2320F3EA002E613E /* html_smartypants.c */ = {isa = PBXFileReference; fileEncoding = 4; lastKnownFileType = sourcecode.c.c; path = html_smartypants.c; sourceTree = "<group>"; };
		760C295B2320F3EA002E613E /* stack.h */ = {isa = PBXFileReference; fileEncoding = 4; lastKnownFileType = sourcecode.c.h; path = stack.h; sourceTree = "<group>"; };
		760C295C2320F3EA002E613E /* buffer.h */ = {isa = PBXFileReference; fileEncoding = 4; lastKnownFileType = sourcecode.c.h; path = buffer.h; sourceTree = "<group>"; };
		760C295D2320F3EA002E613E /* html.c */ = {isa = PBXFileReference; fileEncoding = 4; lastKnownFileType = sourcecode.c.c; path = html.c; sourceTree = "<group>"; };
		760C295E2320F3EA002E613E /* autolink.c */ = {isa = PBXFileReference; fileEncoding = 4; lastKnownFileType = sourcecode.c.c; path = autolink.c; sourceTree = "<group>"; };
		760C295F2320F3EA002E613E /* version.c */ = {isa = PBXFileReference; fileEncoding = 4; lastKnownFileType = sourcecode.c.c; path = version.c; sourceTree = "<group>"; };
		760C29602320F3EA002E613E /* document.h */ = {isa = PBXFileReference; fileEncoding = 4; lastKnownFileType = sourcecode.c.h; path = document.h; sourceTree = "<group>"; };
		760C29612320F3EA002E613E /* html.h */ = {isa = PBXFileReference; fileEncoding = 4; lastKnownFileType = sourcecode.c.h; path = html.h; sourceTree = "<group>"; };
		760C29622320F3EB002E613E /* buffer.c */ = {isa = PBXFileReference; fileEncoding = 4; lastKnownFileType = sourcecode.c.c; path = buffer.c; sourceTree = "<group>"; };
		760C29632320F3EB002E613E /* autolink.h */ = {isa = PBXFileReference; fileEncoding = 4; lastKnownFileType = sourcecode.c.h; path = autolink.h; sourceTree = "<group>"; };
		760C29642320F3EB002E613E /* version.h */ = {isa = PBXFileReference; fileEncoding = 4; lastKnownFileType = sourcecode.c.h; path = version.h; sourceTree = "<group>"; };
		760C29652320F3EB002E613E /* html_blocks.c */ = {isa = PBXFileReference; fileEncoding = 4; lastKnownFileType = sourcecode.c.c; path = html_blocks.c; sourceTree = "<group>"; };
		760C29662320F3EB002E613E /* escape.c */ = {isa = PBXFileReference; fileEncoding = 4; lastKnownFileType = sourcecode.c.c; path = escape.c; sourceTree = "<group>"; };
		760C29672320F3EB002E613E /* document.c */ = {isa = PBXFileReference; fileEncoding = 4; lastKnownFileType = sourcecode.c.c; path = document.c; sourceTree = "<group>"; };
		760C29712320F3FA002E613E /* hoedown_html_patch.c */ = {isa = PBXFileReference; fileEncoding = 4; lastKnownFileType = sourcecode.c.c; path = hoedown_html_patch.c; sourceTree = "<group>"; };
		760C29722320F3FA002E613E /* hoedown_html_patch.h */ = {isa = PBXFileReference; fileEncoding = 4; lastKnownFileType = sourcecode.c.h; path = hoedown_html_patch.h; sourceTree = "<group>"; };
		7613F11D2325F6FE006EE3B9 /* Resources.zip */ = {isa = PBXFileReference; lastKnownFileType = archive.zip; path = Resources.zip; sourceTree = "<group>"; };
		7613F1232325F8AF006EE3B9 /* ReadMe.md */ = {isa = PBXFileReference; fileEncoding = 4; lastKnownFileType = net.daringfireball.markdown; name = ReadMe.md; path = Instructions/ReadMe.md; sourceTree = "<group>"; };
		7613F1282325FA02006EE3B9 /* 示例文档.md */ = {isa = PBXFileReference; fileEncoding = 4; lastKnownFileType = net.daringfireball.markdown; name = "示例文档.md"; path = "Instructions/示例文档.md"; sourceTree = "<group>"; };
		761F824F22E16D6500C3435C /* WebViewController.swift */ = {isa = PBXFileReference; lastKnownFileType = sourcecode.swift; path = WebViewController.swift; sourceTree = "<group>"; };
		762CF0F72322650A00F2FF90 /* MarkdownRender.h */ = {isa = PBXFileReference; lastKnownFileType = sourcecode.c.h; path = MarkdownRender.h; sourceTree = "<group>"; };
		762CF0F82322650A00F2FF90 /* MarkdownRender.m */ = {isa = PBXFileReference; lastKnownFileType = sourcecode.c.objc; path = MarkdownRender.m; sourceTree = "<group>"; };
		7635A0A923790BAA00679C4E /* RecentImageCell.swift */ = {isa = PBXFileReference; lastKnownFileType = sourcecode.swift; path = RecentImageCell.swift; sourceTree = "<group>"; };
		7635E5C923473212008E1DEF /* Document.swift */ = {isa = PBXFileReference; lastKnownFileType = sourcecode.swift; path = Document.swift; sourceTree = "<group>"; };
		7635E5CB23473335008E1DEF /* Markdown.entitlements */ = {isa = PBXFileReference; lastKnownFileType = text.plist.entitlements; path = Markdown.entitlements; sourceTree = "<group>"; };
		7635E5CE234AF3B6008E1DEF /* Main.storyboard */ = {isa = PBXFileReference; lastKnownFileType = file.storyboard; path = Main.storyboard; sourceTree = "<group>"; };
		76485ACB2466608D00437411 /* TextView.swift */ = {isa = PBXFileReference; lastKnownFileType = sourcecode.swift; path = TextView.swift; sourceTree = "<group>"; };
		76485ACD2466A86700437411 /* RecentImagesViewController.swift */ = {isa = PBXFileReference; fileEncoding = 4; lastKnownFileType = sourcecode.swift; path = RecentImagesViewController.swift; sourceTree = "<group>"; };
		7655B51A246BCA520043EA43 /* ActivityIndicator.swift */ = {isa = PBXFileReference; lastKnownFileType = sourcecode.swift; path = ActivityIndicator.swift; sourceTree = "<group>"; };
		7655DD8A2455AB00006D7D65 /* Seperator.swift */ = {isa = PBXFileReference; lastKnownFileType = sourcecode.swift; path = Seperator.swift; sourceTree = "<group>"; };
		766F117B2350803A00E6395E /* KeyboardBar.swift */ = {isa = PBXFileReference; fileEncoding = 4; lastKnownFileType = sourcecode.swift; path = KeyboardBar.swift; sourceTree = "<group>"; };
		766F118A2351AB0600E6395E /* Base */ = {isa = PBXFileReference; lastKnownFileType = file.storyboard; name = Base; path = Base.lproj/LaunchScreen.storyboard; sourceTree = "<group>"; };
		76849D1724472CDF00DF0A45 /* TocListViewController.swift */ = {isa = PBXFileReference; lastKnownFileType = sourcecode.swift; path = TocListViewController.swift; sourceTree = "<group>"; };
		76849D1924472D7A00DF0A45 /* TOCItem.swift */ = {isa = PBXFileReference; lastKnownFileType = sourcecode.swift; path = TOCItem.swift; sourceTree = "<group>"; };
		768762B822D86CE900A54EB1 /* IAPHelper.swift */ = {isa = PBXFileReference; fileEncoding = 4; lastKnownFileType = sourcecode.swift; path = IAPHelper.swift; sourceTree = "<group>"; usesTabs = 0; };
		768762BA22D86D1C00A54EB1 /* PurchaseViewController.swift */ = {isa = PBXFileReference; lastKnownFileType = sourcecode.swift; path = PurchaseViewController.swift; sourceTree = "<group>"; };
		7699B20F236ADC3C005F394D /* ExportActivity.swift */ = {isa = PBXFileReference; lastKnownFileType = sourcecode.swift; path = ExportActivity.swift; sourceTree = "<group>"; };
		769E1D23240422640064B822 /* ServerInfo.swift */ = {isa = PBXFileReference; lastKnownFileType = sourcecode.swift; path = ServerInfo.swift; sourceTree = "<group>"; };
		769E1F36240506110064B822 /* AppearanceViewController.swift */ = {isa = PBXFileReference; lastKnownFileType = sourcecode.swift; path = AppearanceViewController.swift; sourceTree = "<group>"; };
		76A4D271234EF98200B87A78 /* FileSharingViewController.swift */ = {isa = PBXFileReference; lastKnownFileType = sourcecode.swift; path = FileSharingViewController.swift; sourceTree = "<group>"; };
		76A847C5246AA4200031A6E6 /* icon_logo_dark@3x.png */ = {isa = PBXFileReference; lastKnownFileType = image.png; path = "icon_logo_dark@3x.png"; sourceTree = "<group>"; };
		76AF2609243DA40D002537A1 /* WKWebView+Snapshot.swift */ = {isa = PBXFileReference; fileEncoding = 4; lastKnownFileType = sourcecode.swift; path = "WKWebView+Snapshot.swift"; sourceTree = "<group>"; };
		76C59B3A2384E5D700BE81ED /* NSURLProtocol+WKWebVIew.m */ = {isa = PBXFileReference; fileEncoding = 4; lastKnownFileType = sourcecode.c.objc; path = "NSURLProtocol+WKWebVIew.m"; sourceTree = "<group>"; };
		76C59B3C2384E5D800BE81ED /* NSURLProtocol+WKWebVIew.h */ = {isa = PBXFileReference; fileEncoding = 4; lastKnownFileType = sourcecode.c.h; path = "NSURLProtocol+WKWebVIew.h"; sourceTree = "<group>"; };
		76C59B3F2384E69500BE81ED /* MDURLProtocol.h */ = {isa = PBXFileReference; lastKnownFileType = sourcecode.c.h; path = MDURLProtocol.h; sourceTree = "<group>"; };
		76C59B402384E69500BE81ED /* MDURLProtocol.m */ = {isa = PBXFileReference; lastKnownFileType = sourcecode.c.objc; path = MDURLProtocol.m; sourceTree = "<group>"; };
		76C94A6A22EAA43D004CE602 /* en */ = {isa = PBXFileReference; lastKnownFileType = text.plist.strings; name = en; path = en.lproj/Localizable.strings; sourceTree = "<group>"; };
		76CF5B0723541DC000E87A99 /* 使用教程.md */ = {isa = PBXFileReference; fileEncoding = 4; lastKnownFileType = net.daringfireball.markdown; name = "使用教程.md"; path = "Instructions/使用教程.md"; sourceTree = "<group>"; };
		76CF5B09235425EA00E87A99 /* Syntax.md */ = {isa = PBXFileReference; fileEncoding = 4; lastKnownFileType = net.daringfireball.markdown; name = Syntax.md; path = Instructions/Syntax.md; sourceTree = "<group>"; };
		76DFD720232926AC00F97D56 /* CustomStyleViewController.swift */ = {isa = PBXFileReference; lastKnownFileType = sourcecode.swift; path = CustomStyleViewController.swift; sourceTree = "<group>"; };
		76E7F270233CAEE10051DF6A /* BaseTableViewCell.swift */ = {isa = PBXFileReference; lastKnownFileType = sourcecode.swift; path = BaseTableViewCell.swift; sourceTree = "<group>"; };
		76E7F274233CB5E30051DF6A /* icon_logo.png */ = {isa = PBXFileReference; lastKnownFileType = image.png; path = icon_logo.png; sourceTree = "<group>"; };
		8E2576E76534F3FE3E3CAA53 /* Pods-Markdown.release.xcconfig */ = {isa = PBXFileReference; includeInIndex = 1; lastKnownFileType = text.xcconfig; name = "Pods-Markdown.release.xcconfig"; path = "Pods/Target Support Files/Pods-Markdown/Pods-Markdown.release.xcconfig"; sourceTree = "<group>"; };
		E32330D5B24C5C34EEE58119 /* Pods-Markdown.debug.xcconfig */ = {isa = PBXFileReference; includeInIndex = 1; lastKnownFileType = text.xcconfig; name = "Pods-Markdown.debug.xcconfig"; path = "Pods/Target Support Files/Pods-Markdown/Pods-Markdown.debug.xcconfig"; sourceTree = "<group>"; };
/* End PBXFileReference section */

/* Begin PBXFrameworksBuildPhase section */
		07E8268F1F5BF0F20077A017 /* Frameworks */ = {
			isa = PBXFrameworksBuildPhase;
			buildActionMask = 2147483647;
			files = (
				89C305FDB08983CC88E50F5B /* Pods_Markdown.framework in Frameworks */,
			);
			runOnlyForDeploymentPostprocessing = 0;
		};
/* End PBXFrameworksBuildPhase section */

/* Begin PBXGroup section */
		07E826891F5BF0F20077A017 = {
			isa = PBXGroup;
			children = (
				7635E5CB23473335008E1DEF /* Markdown.entitlements */,
				07E826941F5BF0F20077A017 /* MarkLite */,
				07E826931F5BF0F20077A017 /* Products */,
				884442E41EEF6850184F9E8F /* Pods */,
				27D8A15A071498C039A9B873 /* Frameworks */,
			);
			sourceTree = "<group>";
		};
		07E826931F5BF0F20077A017 /* Products */ = {
			isa = PBXGroup;
			children = (
				07E826921F5BF0F20077A017 /* Markdown.app */,
			);
			name = Products;
			sourceTree = "<group>";
		};
		07E826941F5BF0F20077A017 /* MarkLite */ = {
			isa = PBXGroup;
			children = (
				07E826951F5BF0F20077A017 /* AppDelegate.swift */,
				07E826A71F5BF1BA0077A017 /* Core */,
				07E826F71F5BF1BA0077A017 /* Utils */,
				07E826C01F5BF1BA0077A017 /* Model */,
				07E826FE1F5BF1BA0077A017 /* View */,
				07E827061F5BF1BA0077A017 /* ViewController */,
				07E826F21F5BF1BA0077A017 /* StoryBoard */,
				07E826C31F5BF1BA0077A017 /* Resource */,
				07E8269C1F5BF0F20077A017 /* Assets.xcassets */,
				07E826A11F5BF0F20077A017 /* Info.plist */,
				766F11892351AB0600E6395E /* LaunchScreen.storyboard */,
				07E827671F5BF24B0077A017 /* Localizable.strings */,
			);
			path = MarkLite;
			sourceTree = "<group>";
		};
		07E826A71F5BF1BA0077A017 /* Core */ = {
			isa = PBXGroup;
			children = (
				07E826A81F5BF1BA0077A017 /* HighlightManager.swift */,
				07E826A91F5BF1BA0077A017 /* hoedown */,
				07E826BD1F5BF1BA0077A017 /* MarkLite-Bridging-Header.h */,
				762CF0F72322650A00F2FF90 /* MarkdownRender.h */,
				762CF0F82322650A00F2FF90 /* MarkdownRender.m */,
				07E826BE1F5BF1BA0077A017 /* PDFRender.swift */,
			);
			path = Core;
			sourceTree = "<group>";
		};
		07E826A91F5BF1BA0077A017 /* hoedown */ = {
			isa = PBXGroup;
			children = (
				760C295E2320F3EA002E613E /* autolink.c */,
				760C29632320F3EB002E613E /* autolink.h */,
				760C29622320F3EB002E613E /* buffer.c */,
				760C295C2320F3EA002E613E /* buffer.h */,
				760C29672320F3EB002E613E /* document.c */,
				760C29602320F3EA002E613E /* document.h */,
				760C29662320F3EB002E613E /* escape.c */,
				760C29582320F3E9002E613E /* escape.h */,
				760C29652320F3EB002E613E /* html_blocks.c */,
				760C295A2320F3EA002E613E /* html_smartypants.c */,
				760C295D2320F3EA002E613E /* html.c */,
				760C29612320F3EA002E613E /* html.h */,
				760C29592320F3EA002E613E /* stack.c */,
				760C295B2320F3EA002E613E /* stack.h */,
				760C295F2320F3EA002E613E /* version.c */,
				760C29642320F3EB002E613E /* version.h */,
				760C29712320F3FA002E613E /* hoedown_html_patch.c */,
				760C29722320F3FA002E613E /* hoedown_html_patch.h */,
			);
			path = hoedown;
			sourceTree = "<group>";
		};
		07E826C01F5BF1BA0077A017 /* Model */ = {
			isa = PBXGroup;
			children = (
				07E826C11F5BF1BA0077A017 /* File.swift */,
				07E826C21F5BF1BA0077A017 /* Theme.swift */,
				7635E5C923473212008E1DEF /* Document.swift */,
				7699B20F236ADC3C005F394D /* ExportActivity.swift */,
				769E1D23240422640064B822 /* ServerInfo.swift */,
				76849D1924472D7A00DF0A45 /* TOCItem.swift */,
			);
			path = Model;
			sourceTree = "<group>";
		};
		07E826C31F5BF1BA0077A017 /* Resource */ = {
			isa = PBXGroup;
			children = (
				76A847C5246AA4200031A6E6 /* icon_logo_dark@3x.png */,
				76E7F274233CB5E30051DF6A /* icon_logo.png */,
				76CF5B0723541DC000E87A99 /* 使用教程.md */,
				7613F1282325FA02006EE3B9 /* 示例文档.md */,
				7613F1232325F8AF006EE3B9 /* ReadMe.md */,
				76CF5B09235425EA00E87A99 /* Syntax.md */,
				7613F11D2325F6FE006EE3B9 /* Resources.zip */,
			);
			path = Resource;
			sourceTree = "<group>";
		};
		07E826F21F5BF1BA0077A017 /* StoryBoard */ = {
			isa = PBXGroup;
			children = (
				07E826F31F5BF1BA0077A017 /* Edit.storyboard */,
				07E826F61F5BF1BA0077A017 /* Settings.storyboard */,
				7635E5CE234AF3B6008E1DEF /* Main.storyboard */,
			);
			path = StoryBoard;
			sourceTree = "<group>";
		};
		07E826F71F5BF1BA0077A017 /* Utils */ = {
			isa = PBXGroup;
			children = (
				768762B822D86CE900A54EB1 /* IAPHelper.swift */,
				07E826F81F5BF1BA0077A017 /* Configure.swift */,
				07E826F91F5BF1BA0077A017 /* Constant.swift */,
				07E826FC1F5BF1BA0077A017 /* Localization.swift */,
				07E826FD1F5BF1BA0077A017 /* Utils.swift */,
				0724281A1F726B0300C02F87 /* ImagePicker.swift */,
				76C59B3C2384E5D800BE81ED /* NSURLProtocol+WKWebVIew.h */,
				76C59B3A2384E5D700BE81ED /* NSURLProtocol+WKWebVIew.m */,
				76C59B3F2384E69500BE81ED /* MDURLProtocol.h */,
				76C59B402384E69500BE81ED /* MDURLProtocol.m */,
				76AF2609243DA40D002537A1 /* WKWebView+Snapshot.swift */,
				7655B51A246BCA520043EA43 /* ActivityIndicator.swift */,
			);
			path = Utils;
			sourceTree = "<group>";
		};
		07E826FE1F5BF1BA0077A017 /* View */ = {
			isa = PBXGroup;
			children = (
				766F117B2350803A00E6395E /* KeyboardBar.swift */,
				76E7F270233CAEE10051DF6A /* BaseTableViewCell.swift */,
				07E827031F5BF1BA0077A017 /* MenuView.swift */,
				7635A0A923790BAA00679C4E /* RecentImageCell.swift */,
				7655DD8A2455AB00006D7D65 /* Seperator.swift */,
				76485ACB2466608D00437411 /* TextView.swift */,
			);
			path = View;
			sourceTree = "<group>";
		};
		07E827061F5BF1BA0077A017 /* ViewController */ = {
			isa = PBXGroup;
			children = (
				07E827081F5BF1BA0077A017 /* FilesViewController.swift */,
				07E827071F5BF1BA0077A017 /* EditViewController.swift */,
				07E8270E1F5BF1BA0077A017 /* PreviewViewController.swift */,
				07E8270D1F5BF1BA0077A017 /* TextViewController.swift */,
				76849D1724472CDF00DF0A45 /* TocListViewController.swift */,
				07E8270C1F5BF1BA0077A017 /* SettingsViewController.swift */,
				07E8270F1F5BF1BA0077A017 /* HomeViewController.swift */,
				768762BA22D86D1C00A54EB1 /* PurchaseViewController.swift */,
				761F824F22E16D6500C3435C /* WebViewController.swift */,
				07E8270B1F5BF1BA0077A017 /* OptionsViewController.swift */,
				76A4D271234EF98200B87A78 /* FileSharingViewController.swift */,
				769E1F36240506110064B822 /* AppearanceViewController.swift */,
				76DFD720232926AC00F97D56 /* CustomStyleViewController.swift */,
				76485ACD2466A86700437411 /* RecentImagesViewController.swift */,
			);
			path = ViewController;
			sourceTree = "<group>";
		};
		27D8A15A071498C039A9B873 /* Frameworks */ = {
			isa = PBXGroup;
			children = (
				0CED168CEF9A6EB3A1E2F9CC /* Pods_Markdown.framework */,
			);
			name = Frameworks;
			sourceTree = "<group>";
		};
		884442E41EEF6850184F9E8F /* Pods */ = {
			isa = PBXGroup;
			children = (
				E32330D5B24C5C34EEE58119 /* Pods-Markdown.debug.xcconfig */,
				8E2576E76534F3FE3E3CAA53 /* Pods-Markdown.release.xcconfig */,
			);
			name = Pods;
			sourceTree = "<group>";
		};
/* End PBXGroup section */

/* Begin PBXNativeTarget section */
		07E826911F5BF0F20077A017 /* Markdown */ = {
			isa = PBXNativeTarget;
			buildConfigurationList = 07E826A41F5BF0F20077A017 /* Build configuration list for PBXNativeTarget "Markdown" */;
			buildPhases = (
				78860D184327593D2CFAEC38 /* [CP] Check Pods Manifest.lock */,
				07E8268E1F5BF0F20077A017 /* Sources */,
				07E8268F1F5BF0F20077A017 /* Frameworks */,
				07E826901F5BF0F20077A017 /* Resources */,
				8B631354A5CCC1E3C0ABDA40 /* [CP] Embed Pods Frameworks */,
			);
			buildRules = (
			);
			dependencies = (
			);
			name = Markdown;
			productName = MarkLite;
			productReference = 07E826921F5BF0F20077A017 /* Markdown.app */;
			productType = "com.apple.product-type.application";
		};
/* End PBXNativeTarget section */

/* Begin PBXProject section */
		07E8268A1F5BF0F20077A017 /* Project object */ = {
			isa = PBXProject;
			attributes = {
				LastSwiftUpdateCheck = 0830;
				LastUpgradeCheck = 0940;
				ORGANIZATIONNAME = zhubch;
				TargetAttributes = {
					07E826911F5BF0F20077A017 = {
						CreatedOnToolsVersion = 8.3.3;
						DevelopmentTeam = TS5H34GM7Q;
						LastSwiftMigration = 0940;
						ProvisioningStyle = Automatic;
						SystemCapabilities = {
							com.apple.InAppPurchase = {
								enabled = 0;
							};
							com.apple.Push = {
								enabled = 0;
							};
							com.apple.iCloud = {
								enabled = 0;
							};
						};
					};
				};
			};
			buildConfigurationList = 07E8268D1F5BF0F20077A017 /* Build configuration list for PBXProject "Markdown" */;
			compatibilityVersion = "Xcode 3.2";
			developmentRegion = en;
			hasScannedForEncodings = 0;
			knownRegions = (
				en,
				Base,
				"zh-Hans",
			);
			mainGroup = 07E826891F5BF0F20077A017;
			productRefGroup = 07E826931F5BF0F20077A017 /* Products */;
			projectDirPath = "";
			projectRoot = "";
			targets = (
				07E826911F5BF0F20077A017 /* Markdown */,
			);
		};
/* End PBXProject section */

/* Begin PBXResourcesBuildPhase section */
		07E826901F5BF0F20077A017 /* Resources */ = {
			isa = PBXResourcesBuildPhase;
			buildActionMask = 2147483647;
			files = (
				7613F1272325F8AF006EE3B9 /* ReadMe.md in Resources */,
				76E7F275233CB5E30051DF6A /* icon_logo.png in Resources */,
				76CF5B0823541DC100E87A99 /* 使用教程.md in Resources */,
				7613F11F2325F6FE006EE3B9 /* Resources.zip in Resources */,
				7613F12A2325FA02006EE3B9 /* 示例文档.md in Resources */,
				07E827471F5BF1BA0077A017 /* Settings.storyboard in Resources */,
				07E827441F5BF1BA0077A017 /* Edit.storyboard in Resources */,
				07E8269D1F5BF0F20077A017 /* Assets.xcassets in Resources */,
				766F118B2351AB0600E6395E /* LaunchScreen.storyboard in Resources */,
				7635E5CF234AF3B6008E1DEF /* Main.storyboard in Resources */,
				76A847C6246AA4200031A6E6 /* icon_logo_dark@3x.png in Resources */,
				07E827651F5BF24B0077A017 /* Localizable.strings in Resources */,
				76CF5B0A235425EA00E87A99 /* Syntax.md in Resources */,
			);
			runOnlyForDeploymentPostprocessing = 0;
		};
/* End PBXResourcesBuildPhase section */

/* Begin PBXShellScriptBuildPhase section */
		78860D184327593D2CFAEC38 /* [CP] Check Pods Manifest.lock */ = {
			isa = PBXShellScriptBuildPhase;
			buildActionMask = 2147483647;
			files = (
			);
			inputPaths = (
				"${PODS_PODFILE_DIR_PATH}/Podfile.lock",
				"${PODS_ROOT}/Manifest.lock",
			);
			name = "[CP] Check Pods Manifest.lock";
			outputPaths = (
				"$(DERIVED_FILE_DIR)/Pods-Markdown-checkManifestLockResult.txt",
			);
			runOnlyForDeploymentPostprocessing = 0;
			shellPath = /bin/sh;
			shellScript = "diff \"${PODS_PODFILE_DIR_PATH}/Podfile.lock\" \"${PODS_ROOT}/Manifest.lock\" > /dev/null\nif [ $? != 0 ] ; then\n    # print error to STDERR\n    echo \"error: The sandbox is not in sync with the Podfile.lock. Run 'pod install' or update your CocoaPods installation.\" >&2\n    exit 1\nfi\n# This output is used by Xcode 'outputs' to avoid re-running this script phase.\necho \"SUCCESS\" > \"${SCRIPT_OUTPUT_FILE_0}\"\n";
			showEnvVarsInLog = 0;
		};
		8B631354A5CCC1E3C0ABDA40 /* [CP] Embed Pods Frameworks */ = {
			isa = PBXShellScriptBuildPhase;
			buildActionMask = 2147483647;
			files = (
			);
			inputPaths = (
				"${PODS_ROOT}/Target Support Files/Pods-Markdown/Pods-Markdown-frameworks.sh",
				"${BUILT_PRODUCTS_DIR}/Alamofire/Alamofire.framework",
				"${BUILT_PRODUCTS_DIR}/EZSwiftExtensions/EZSwiftExtensions.framework",
				"${BUILT_PRODUCTS_DIR}/GCDWebServer/GCDWebServer.framework",
				"${BUILT_PRODUCTS_DIR}/Kingfisher/Kingfisher.framework",
				"${BUILT_PRODUCTS_DIR}/RxCocoa/RxCocoa.framework",
				"${BUILT_PRODUCTS_DIR}/RxRelay/RxRelay.framework",
				"${BUILT_PRODUCTS_DIR}/RxSwift/RxSwift.framework",
				"${BUILT_PRODUCTS_DIR}/SnapKit/SnapKit.framework",
				"${BUILT_PRODUCTS_DIR}/Zip/Zip.framework",
			);
			name = "[CP] Embed Pods Frameworks";
			outputPaths = (
				"${TARGET_BUILD_DIR}/${FRAMEWORKS_FOLDER_PATH}/Alamofire.framework",
				"${TARGET_BUILD_DIR}/${FRAMEWORKS_FOLDER_PATH}/EZSwiftExtensions.framework",
				"${TARGET_BUILD_DIR}/${FRAMEWORKS_FOLDER_PATH}/GCDWebServer.framework",
				"${TARGET_BUILD_DIR}/${FRAMEWORKS_FOLDER_PATH}/Kingfisher.framework",
				"${TARGET_BUILD_DIR}/${FRAMEWORKS_FOLDER_PATH}/RxCocoa.framework",
				"${TARGET_BUILD_DIR}/${FRAMEWORKS_FOLDER_PATH}/RxRelay.framework",
				"${TARGET_BUILD_DIR}/${FRAMEWORKS_FOLDER_PATH}/RxSwift.framework",
				"${TARGET_BUILD_DIR}/${FRAMEWORKS_FOLDER_PATH}/SnapKit.framework",
				"${TARGET_BUILD_DIR}/${FRAMEWORKS_FOLDER_PATH}/Zip.framework",
			);
			runOnlyForDeploymentPostprocessing = 0;
			shellPath = /bin/sh;
			shellScript = "\"${PODS_ROOT}/Target Support Files/Pods-Markdown/Pods-Markdown-frameworks.sh\"\n";
			showEnvVarsInLog = 0;
		};
/* End PBXShellScriptBuildPhase section */

/* Begin PBXSourcesBuildPhase section */
		07E8268E1F5BF0F20077A017 /* Sources */ = {
			isa = PBXSourcesBuildPhase;
			buildActionMask = 2147483647;
			files = (
				76DFD721232926AC00F97D56 /* CustomStyleViewController.swift in Sources */,
				07E8274C1F5BF1BA0077A017 /* Localization.swift in Sources */,
				76C59B412384E69500BE81ED /* MDURLProtocol.m in Sources */,
				76C59B3E2384E5D800BE81ED /* NSURLProtocol+WKWebVIew.m in Sources */,
				76AF260A243DA40D002537A1 /* WKWebView+Snapshot.swift in Sources */,
				760C296F2320F3EC002E613E /* escape.c in Sources */,
				07E827561F5BF1BA0077A017 /* FilesViewController.swift in Sources */,
				07E827101F5BF1BA0077A017 /* HighlightManager.swift in Sources */,
				07E8275B1F5BF1BA0077A017 /* TextViewController.swift in Sources */,
				768762BB22D86D1C00A54EB1 /* PurchaseViewController.swift in Sources */,
				760C29702320F3EC002E613E /* document.c in Sources */,
				07E8275A1F5BF1BA0077A017 /* SettingsViewController.swift in Sources */,
				76E7F271233CAEE10051DF6A /* BaseTableViewCell.swift in Sources */,
				76A4D272234EF98200B87A78 /* FileSharingViewController.swift in Sources */,
				760C296D2320F3EC002E613E /* buffer.c in Sources */,
				760C29732320F3FA002E613E /* hoedown_html_patch.c in Sources */,
				760C296A2320F3EC002E613E /* html.c in Sources */,
				07E827521F5BF1BA0077A017 /* MenuView.swift in Sources */,
				07E827591F5BF1BA0077A017 /* OptionsViewController.swift in Sources */,
				760C29692320F3EC002E613E /* html_smartypants.c in Sources */,
				76849D1A24472D7A00DF0A45 /* TOCItem.swift in Sources */,
				7635A0AA23790BAA00679C4E /* RecentImageCell.swift in Sources */,
				07E827551F5BF1BA0077A017 /* EditViewController.swift in Sources */,
				07E8274D1F5BF1BA0077A017 /* Utils.swift in Sources */,
				07E8271D1F5BF1BA0077A017 /* File.swift in Sources */,
				76485ACE2466A86700437411 /* RecentImagesViewController.swift in Sources */,
				76849D1824472CDF00DF0A45 /* TocListViewController.swift in Sources */,
				760C296B2320F3EC002E613E /* autolink.c in Sources */,
				0724281B1F726B0300C02F87 /* ImagePicker.swift in Sources */,
				761F825022E16D6500C3435C /* WebViewController.swift in Sources */,
				07E8275C1F5BF1BA0077A017 /* PreviewViewController.swift in Sources */,
				760C29682320F3EC002E613E /* stack.c in Sources */,
				760C296C2320F3EC002E613E /* version.c in Sources */,
				07E8271B1F5BF1BA0077A017 /* PDFRender.swift in Sources */,
				769E1D24240422640064B822 /* ServerInfo.swift in Sources */,
				766F117C2350803A00E6395E /* KeyboardBar.swift in Sources */,
				7655B51B246BCA520043EA43 /* ActivityIndicator.swift in Sources */,
				760C296E2320F3EC002E613E /* html_blocks.c in Sources */,
				07E827491F5BF1BA0077A017 /* Constant.swift in Sources */,
				07E827481F5BF1BA0077A017 /* Configure.swift in Sources */,
				07E8275D1F5BF1BA0077A017 /* HomeViewController.swift in Sources */,
				768762B922D86CE900A54EB1 /* IAPHelper.swift in Sources */,
				07E826961F5BF0F20077A017 /* AppDelegate.swift in Sources */,
				7635E5CA23473212008E1DEF /* Document.swift in Sources */,
				769E1F37240506110064B822 /* AppearanceViewController.swift in Sources */,
				762CF0F92322650A00F2FF90 /* MarkdownRender.m in Sources */,
				76485ACC2466608D00437411 /* TextView.swift in Sources */,
				7699B210236ADC3C005F394D /* ExportActivity.swift in Sources */,
				07E8271E1F5BF1BA0077A017 /* Theme.swift in Sources */,
				7655DD8B2455AB00006D7D65 /* Seperator.swift in Sources */,
			);
			runOnlyForDeploymentPostprocessing = 0;
		};
/* End PBXSourcesBuildPhase section */

/* Begin PBXVariantGroup section */
		07E827671F5BF24B0077A017 /* Localizable.strings */ = {
			isa = PBXVariantGroup;
			children = (
				07E827661F5BF24B0077A017 /* Base */,
				07E827691F5BF24E0077A017 /* zh-Hans */,
				76C94A6A22EAA43D004CE602 /* en */,
			);
			name = Localizable.strings;
			sourceTree = "<group>";
		};
		766F11892351AB0600E6395E /* LaunchScreen.storyboard */ = {
			isa = PBXVariantGroup;
			children = (
				766F118A2351AB0600E6395E /* Base */,
			);
			name = LaunchScreen.storyboard;
			sourceTree = "<group>";
		};
/* End PBXVariantGroup section */

/* Begin XCBuildConfiguration section */
		07E826A21F5BF0F20077A017 /* Debug */ = {
			isa = XCBuildConfiguration;
			buildSettings = {
				ALWAYS_SEARCH_USER_PATHS = NO;
				CLANG_ANALYZER_LOCALIZABILITY_NONLOCALIZED = YES;
				CLANG_ANALYZER_NONNULL = YES;
				CLANG_ANALYZER_NUMBER_OBJECT_CONVERSION = YES_AGGRESSIVE;
				CLANG_CXX_LANGUAGE_STANDARD = "gnu++0x";
				CLANG_CXX_LIBRARY = "libc++";
				CLANG_ENABLE_MODULES = YES;
				CLANG_ENABLE_OBJC_ARC = YES;
				CLANG_WARN_BLOCK_CAPTURE_AUTORELEASING = YES;
				CLANG_WARN_BOOL_CONVERSION = YES;
				CLANG_WARN_COMMA = YES;
				CLANG_WARN_CONSTANT_CONVERSION = YES;
				CLANG_WARN_DEPRECATED_OBJC_IMPLEMENTATIONS = YES;
				CLANG_WARN_DIRECT_OBJC_ISA_USAGE = YES_ERROR;
				CLANG_WARN_DOCUMENTATION_COMMENTS = YES;
				CLANG_WARN_EMPTY_BODY = YES;
				CLANG_WARN_ENUM_CONVERSION = YES;
				CLANG_WARN_INFINITE_RECURSION = YES;
				CLANG_WARN_INT_CONVERSION = YES;
				CLANG_WARN_NON_LITERAL_NULL_CONVERSION = YES;
				CLANG_WARN_OBJC_IMPLICIT_RETAIN_SELF = YES;
				CLANG_WARN_OBJC_LITERAL_CONVERSION = YES;
				CLANG_WARN_OBJC_ROOT_CLASS = YES_ERROR;
				CLANG_WARN_RANGE_LOOP_ANALYSIS = YES;
				CLANG_WARN_STRICT_PROTOTYPES = YES;
				CLANG_WARN_SUSPICIOUS_MOVE = YES;
				CLANG_WARN_UNREACHABLE_CODE = YES;
				CLANG_WARN__DUPLICATE_METHOD_MATCH = YES;
				"CODE_SIGN_IDENTITY[sdk=iphoneos*]" = "iPhone Developer";
				COPY_PHASE_STRIP = NO;
				DEBUG_INFORMATION_FORMAT = dwarf;
				ENABLE_STRICT_OBJC_MSGSEND = YES;
				ENABLE_TESTABILITY = YES;
				GCC_C_LANGUAGE_STANDARD = gnu99;
				GCC_DYNAMIC_NO_PIC = NO;
				GCC_NO_COMMON_BLOCKS = YES;
				GCC_OPTIMIZATION_LEVEL = 0;
				GCC_PREPROCESSOR_DEFINITIONS = (
					"DEBUG=1",
					"$(inherited)",
				);
				GCC_WARN_64_TO_32_BIT_CONVERSION = YES;
				GCC_WARN_ABOUT_RETURN_TYPE = YES_ERROR;
				GCC_WARN_UNDECLARED_SELECTOR = YES;
				GCC_WARN_UNINITIALIZED_AUTOS = YES_AGGRESSIVE;
				GCC_WARN_UNUSED_FUNCTION = YES;
				GCC_WARN_UNUSED_VARIABLE = YES;
				IPHONEOS_DEPLOYMENT_TARGET = 10.3;
				MTL_ENABLE_DEBUG_INFO = YES;
				ONLY_ACTIVE_ARCH = YES;
				"OTHER_SWIFT_FLAGS[arch=*]" = "-D DEBUG";
				SDKROOT = iphoneos;
				SWIFT_ACTIVE_COMPILATION_CONDITIONS = DEBUG;
				SWIFT_OPTIMIZATION_LEVEL = "-Onone";
				SWIFT_VERSION = 4.0;
				TARGETED_DEVICE_FAMILY = "1,2";
			};
			name = Debug;
		};
		07E826A31F5BF0F20077A017 /* Release */ = {
			isa = XCBuildConfiguration;
			buildSettings = {
				ALWAYS_SEARCH_USER_PATHS = NO;
				CLANG_ANALYZER_LOCALIZABILITY_NONLOCALIZED = YES;
				CLANG_ANALYZER_NONNULL = YES;
				CLANG_ANALYZER_NUMBER_OBJECT_CONVERSION = YES_AGGRESSIVE;
				CLANG_CXX_LANGUAGE_STANDARD = "gnu++0x";
				CLANG_CXX_LIBRARY = "libc++";
				CLANG_ENABLE_MODULES = YES;
				CLANG_ENABLE_OBJC_ARC = YES;
				CLANG_WARN_BLOCK_CAPTURE_AUTORELEASING = YES;
				CLANG_WARN_BOOL_CONVERSION = YES;
				CLANG_WARN_COMMA = YES;
				CLANG_WARN_CONSTANT_CONVERSION = YES;
				CLANG_WARN_DEPRECATED_OBJC_IMPLEMENTATIONS = YES;
				CLANG_WARN_DIRECT_OBJC_ISA_USAGE = YES_ERROR;
				CLANG_WARN_DOCUMENTATION_COMMENTS = YES;
				CLANG_WARN_EMPTY_BODY = YES;
				CLANG_WARN_ENUM_CONVERSION = YES;
				CLANG_WARN_INFINITE_RECURSION = YES;
				CLANG_WARN_INT_CONVERSION = YES;
				CLANG_WARN_NON_LITERAL_NULL_CONVERSION = YES;
				CLANG_WARN_OBJC_IMPLICIT_RETAIN_SELF = YES;
				CLANG_WARN_OBJC_LITERAL_CONVERSION = YES;
				CLANG_WARN_OBJC_ROOT_CLASS = YES_ERROR;
				CLANG_WARN_RANGE_LOOP_ANALYSIS = YES;
				CLANG_WARN_STRICT_PROTOTYPES = YES;
				CLANG_WARN_SUSPICIOUS_MOVE = YES;
				CLANG_WARN_UNREACHABLE_CODE = YES;
				CLANG_WARN__DUPLICATE_METHOD_MATCH = YES;
				"CODE_SIGN_IDENTITY[sdk=iphoneos*]" = "iPhone Developer";
				COPY_PHASE_STRIP = NO;
				DEBUG_INFORMATION_FORMAT = "dwarf-with-dsym";
				ENABLE_NS_ASSERTIONS = NO;
				ENABLE_STRICT_OBJC_MSGSEND = YES;
				GCC_C_LANGUAGE_STANDARD = gnu99;
				GCC_NO_COMMON_BLOCKS = YES;
				GCC_WARN_64_TO_32_BIT_CONVERSION = YES;
				GCC_WARN_ABOUT_RETURN_TYPE = YES_ERROR;
				GCC_WARN_UNDECLARED_SELECTOR = YES;
				GCC_WARN_UNINITIALIZED_AUTOS = YES_AGGRESSIVE;
				GCC_WARN_UNUSED_FUNCTION = YES;
				GCC_WARN_UNUSED_VARIABLE = YES;
				IPHONEOS_DEPLOYMENT_TARGET = 10.3;
				MTL_ENABLE_DEBUG_INFO = NO;
				SDKROOT = iphoneos;
				SWIFT_OPTIMIZATION_LEVEL = "-Owholemodule";
				SWIFT_VERSION = 4.0;
				TARGETED_DEVICE_FAMILY = "1,2";
				VALIDATE_PRODUCT = YES;
			};
			name = Release;
		};
		07E826A51F5BF0F20077A017 /* Debug */ = {
			isa = XCBuildConfiguration;
			baseConfigurationReference = E32330D5B24C5C34EEE58119 /* Pods-Markdown.debug.xcconfig */;
			buildSettings = {
				ASSETCATALOG_COMPILER_APPICON_NAME = AppIcon;
				CODE_SIGN_ENTITLEMENTS = Markdown.entitlements;
				CURRENT_PROJECT_VERSION = 2;
				DEVELOPMENT_TEAM = TS5H34GM7Q;
				INFOPLIST_FILE = MarkLite/Info.plist;
				IPHONEOS_DEPLOYMENT_TARGET = 11.0;
				LD_RUNPATH_SEARCH_PATHS = "$(inherited) @executable_path/Frameworks";
				MARKETING_VERSION = 1.8.0;
				PRODUCT_BUNDLE_IDENTIFIER = com.qinxiu.markdown;
				PRODUCT_NAME = "$(TARGET_NAME)";
				SWIFT_ENABLE_BATCH_MODE = NO;
				SWIFT_OBJC_BRIDGING_HEADER = "MarkLite/Core/MarkLite-Bridging-Header.h";
				SWIFT_SWIFT3_OBJC_INFERENCE = Default;
				SWIFT_VERSION = 4.0;
				TARGETED_DEVICE_FAMILY = "1,2";
			};
			name = Debug;
		};
		07E826A61F5BF0F20077A017 /* Release */ = {
			isa = XCBuildConfiguration;
			baseConfigurationReference = 8E2576E76534F3FE3E3CAA53 /* Pods-Markdown.release.xcconfig */;
			buildSettings = {
				ASSETCATALOG_COMPILER_APPICON_NAME = AppIcon;
				CODE_SIGN_ENTITLEMENTS = Markdown.entitlements;
				CURRENT_PROJECT_VERSION = 2;
				DEVELOPMENT_TEAM = TS5H34GM7Q;
				INFOPLIST_FILE = MarkLite/Info.plist;
				IPHONEOS_DEPLOYMENT_TARGET = 11.0;
				LD_RUNPATH_SEARCH_PATHS = "$(inherited) @executable_path/Frameworks";
				MARKETING_VERSION = 1.8.0;
				PRODUCT_BUNDLE_IDENTIFIER = com.qinxiu.markdown;
				PRODUCT_NAME = "$(TARGET_NAME)";
				SWIFT_ENABLE_BATCH_MODE = NO;
				SWIFT_OBJC_BRIDGING_HEADER = "MarkLite/Core/MarkLite-Bridging-Header.h";
				SWIFT_SWIFT3_OBJC_INFERENCE = Default;
				SWIFT_VERSION = 4.0;
				TARGETED_DEVICE_FAMILY = "1,2";
			};
			name = Release;
		};
/* End XCBuildConfiguration section */

/* Begin XCConfigurationList section */
		07E8268D1F5BF0F20077A017 /* Build configuration list for PBXProject "Markdown" */ = {
			isa = XCConfigurationList;
			buildConfigurations = (
				07E826A21F5BF0F20077A017 /* Debug */,
				07E826A31F5BF0F20077A017 /* Release */,
			);
			defaultConfigurationIsVisible = 0;
			defaultConfigurationName = Release;
		};
		07E826A41F5BF0F20077A017 /* Build configuration list for PBXNativeTarget "Markdown" */ = {
			isa = XCConfigurationList;
			buildConfigurations = (
				07E826A51F5BF0F20077A017 /* Debug */,
				07E826A61F5BF0F20077A017 /* Release */,
			);
			defaultConfigurationIsVisible = 0;
			defaultConfigurationName = Release;
		};
/* End XCConfigurationList section */
	};
	rootObject = 07E8268A1F5BF0F20077A017 /* Project object */;
}
