PODS:
  - Alamofire (4.7.3)
  - EZSwiftExtensions (2.0)
  - RxCocoa (4.2.0):
    - RxSwift (~> 4.0)
  - RxSwift (4.2.0)
  - SideMenu (4.0.0)
  - SwipeCellKit (2.4.3)
  - Zip (1.1.0)

DEPENDENCIES:
  - Alamofire
  - EZSwiftExtensions
  - RxCocoa
  - RxSwift
  - SideMenu
  - SwipeCellKit (= 2.4.3)
  - Zip

SPEC REPOS:
  https://github.com/cocoapods/specs.git:
    - Alamofire
    - EZSwiftExtensions
    - RxCocoa
    - RxSwift
    - SideMenu
    - SwipeCellKit
    - Zip

SPEC CHECKSUMS:
  Alamofire: c7287b6e5d7da964a70935e5db17046b7fde6568
  EZSwiftExtensions: f73648a591e529a1dbd83c22b19fd3e57df6fb7d
  RxCocoa: 0b54909c902e1e581212a03e690bbd94032d8baa
  RxSwift: 99e10317ddfcc7fbe01356aafd118fde4a0be104
  SideMenu: 70ee5657df63ec3382660ec4ef470bf1cf5db07d
  SwipeCellKit: cee9906e6d3a36e22ad1a852fba7f8fa0839d113
  Zip: 8877eede3dda76bcac281225c20e71c25270774c

PODFILE CHECKSUM: 1c4741c58fa70cfd312e9c46e9b57461adbdbe3b

COCOAPODS: 1.5.3
