PODS:
  - Alamofire (4.5.0)
  - EZSwiftExtensions (1.11)
  - RxCocoa (3.6.1):
    - RxSwift (~> 3.6)
  - RxSwift (3.6.1)
  - SideMenu (2.3.3)
  - SwipeCellKit (1.9.1)
  - Zip (0.7.0)

DEPENDENCIES:
  - Alamofire
  - EZSwiftExtensions (~> 1.10)
  - RxCocoa
  - RxSwift
  - SideMenu
  - SwipeCellKit
  - Zip (~> 0.7)

SPEC CHECKSUMS:
  Alamofire: f28cdffd29de33a7bfa022cbd63ae95a27fae140
  EZSwiftExtensions: 84000042202d9fd574f626cda3064143f27fa767
  RxCocoa: 84a08739ab186248c7f31ce4ee92d6f8a947d690
  RxSwift: f9de85ea20cd2f7716ee5409fc13523dc638e4e4
  SideMenu: a447554ae5c982e8077666389e1c8b0c8656e065
  SwipeCellKit: e9ff953c820394a4e641cfb0118b6c959506aec2
  Zip: e34513299ac38c0686d5b24504da7ce343799ab9

PODFILE CHECKSUM: 57bf59dd47416694266a8ea83a1e531098d9fa9e

COCOAPODS: 1.3.0
