// !$*UTF8*$!
{
	archiveVersion = 1;
	classes = {
	};
	objectVersion = 46;
	objects = {

/* Begin PBXBuildFile section */
		07381D8E1F0A467B00E362E9 /* icon.png in Resources */ = {isa = PBXBuildFile; fileRef = 07381D8B1F0A467B00E362E9 /* icon.png */; };
		07381D8F1F0A467B00E362E9 /* samples.zip in Resources */ = {isa = PBXBuildFile; fileRef = 07381D8C1F0A467B00E362E9 /* samples.zip */; };
		07381D901F0A467B00E362E9 /* style.zip in Resources */ = {isa = PBXBuildFile; fileRef = 07381D8D1F0A467B00E362E9 /* style.zip */; };
		074402EE1F14DF5F00410765 /* ImagePicker.swift in Sources */ = {isa = PBXBuildFile; fileRef = 074402ED1F14DF5F00410765 /* ImagePicker.swift */; };
		075269B51EFBC40B00C4DAD9 /* FilesViewController.swift in Sources */ = {isa = PBXBuildFile; fileRef = 075269B41EFBC40B00C4DAD9 /* FilesViewController.swift */; };
		075269B91EFBD40D00C4DAD9 /* FileTableViewCell.swift in Sources */ = {isa = PBXBuildFile; fileRef = 075269B81EFBD40D00C4DAD9 /* FileTableViewCell.swift */; };
		075269DB1EFCE78A00C4DAD9 /* EditViewController.swift in Sources */ = {isa = PBXBuildFile; fileRef = 075269DA1EFCE78A00C4DAD9 /* EditViewController.swift */; };
		075269DD1EFCE7C200C4DAD9 /* SettingsViewController.swift in Sources */ = {isa = PBXBuildFile; fileRef = 075269DC1EFCE7C200C4DAD9 /* SettingsViewController.swift */; };
		075269DF1EFCEE9E00C4DAD9 /* Constant.swift in Sources */ = {isa = PBXBuildFile; fileRef = 075269DE1EFCEE9E00C4DAD9 /* Constant.swift */; };
		075360161F1602770007DF6A /* MenuView.swift in Sources */ = {isa = PBXBuildFile; fileRef = 075360151F1602770007DF6A /* MenuView.swift */; };
		076941F21F39820A004B8E95 /* ThemeViewController.swift in Sources */ = {isa = PBXBuildFile; fileRef = 076941F11F39820A004B8E95 /* ThemeViewController.swift */; };
		076941F41F39824F004B8E95 /* Theme.swift in Sources */ = {isa = PBXBuildFile; fileRef = 076941F31F39824F004B8E95 /* Theme.swift */; };
		076941F81F3AAC5F004B8E95 /* StyleViewController.swift in Sources */ = {isa = PBXBuildFile; fileRef = 076941F71F3AAC5F004B8E95 /* StyleViewController.swift */; };
		076941FA1F3ADD1E004B8E95 /* IAPHelper.swift in Sources */ = {isa = PBXBuildFile; fileRef = 076941F91F3ADD1E004B8E95 /* IAPHelper.swift */; };
		076AF2F71EFA437100DCF6EF /* Utils.swift in Sources */ = {isa = PBXBuildFile; fileRef = 076AF2F61EFA437100DCF6EF /* Utils.swift */; };
		077403AD1F037043001AB56A /* NavigationController.swift in Sources */ = {isa = PBXBuildFile; fileRef = 077403AC1F037043001AB56A /* NavigationController.swift */; };
		077403AF1F03739D001AB56A /* WebViewController.swift in Sources */ = {isa = PBXBuildFile; fileRef = 077403AE1F03739D001AB56A /* WebViewController.swift */; };
		077403B11F0373A5001AB56A /* TextViewController.swift in Sources */ = {isa = PBXBuildFile; fileRef = 077403B01F0373A5001AB56A /* TextViewController.swift */; };
		0777CBC91F14672500DE1D29 /* AssistBar.swift in Sources */ = {isa = PBXBuildFile; fileRef = 0777CBC81F14672500DE1D29 /* AssistBar.swift */; };
		0777CBCB1F14674300DE1D29 /* AssistBar.xib in Resources */ = {isa = PBXBuildFile; fileRef = 0777CBCA1F14674300DE1D29 /* AssistBar.xib */; };
		079693571F078F4C00F435C7 /* autolink.c in Sources */ = {isa = PBXBuildFile; fileRef = 079693441F078F4C00F435C7 /* autolink.c */; };
		079693581F078F4C00F435C7 /* buffer.c in Sources */ = {isa = PBXBuildFile; fileRef = 079693461F078F4C00F435C7 /* buffer.c */; };
		079693591F078F4C00F435C7 /* document.c in Sources */ = {isa = PBXBuildFile; fileRef = 079693481F078F4C00F435C7 /* document.c */; };
		0796935A1F078F4C00F435C7 /* escape.c in Sources */ = {isa = PBXBuildFile; fileRef = 0796934A1F078F4C00F435C7 /* escape.c */; };
		0796935B1F078F4C00F435C7 /* hoedown_html_patch.c in Sources */ = {isa = PBXBuildFile; fileRef = 0796934D1F078F4C00F435C7 /* hoedown_html_patch.c */; };
		0796935C1F078F4C00F435C7 /* html.c in Sources */ = {isa = PBXBuildFile; fileRef = 0796934F1F078F4C00F435C7 /* html.c */; };
		0796935D1F078F4C00F435C7 /* html_blocks.c in Sources */ = {isa = PBXBuildFile; fileRef = 079693511F078F4C00F435C7 /* html_blocks.c */; };
		0796935E1F078F4C00F435C7 /* html_smartypants.c in Sources */ = {isa = PBXBuildFile; fileRef = 079693521F078F4C00F435C7 /* html_smartypants.c */; };
		0796935F1F078F4C00F435C7 /* stack.c in Sources */ = {isa = PBXBuildFile; fileRef = 079693531F078F4C00F435C7 /* stack.c */; };
		079693601F078F4C00F435C7 /* version.c in Sources */ = {isa = PBXBuildFile; fileRef = 079693551F078F4C00F435C7 /* version.c */; };
		079693621F0790C500F435C7 /* HighlightManager.swift in Sources */ = {isa = PBXBuildFile; fileRef = 079693611F0790C500F435C7 /* HighlightManager.swift */; };
		07B7C1BB1EF913A50027B2FC /* AppDelegate.swift in Sources */ = {isa = PBXBuildFile; fileRef = 07B7C1BA1EF913A50027B2FC /* AppDelegate.swift */; };
		07B7C1C21EF913A50027B2FC /* Assets.xcassets in Resources */ = {isa = PBXBuildFile; fileRef = 07B7C1C11EF913A50027B2FC /* Assets.xcassets */; };
		07B7C1F11EF926280027B2FC /* File.swift in Sources */ = {isa = PBXBuildFile; fileRef = 07B7C1F01EF926280027B2FC /* File.swift */; };
		07B7C1F91EF926EA0027B2FC /* Edit.storyboard in Resources */ = {isa = PBXBuildFile; fileRef = 07B7C1F31EF926EA0027B2FC /* Edit.storyboard */; };
		07B7C1FA1EF926EA0027B2FC /* LaunchScreen.storyboard in Resources */ = {isa = PBXBuildFile; fileRef = 07B7C1F41EF926EA0027B2FC /* LaunchScreen.storyboard */; };
		07B7C1FB1EF926EA0027B2FC /* Main_iPad.storyboard in Resources */ = {isa = PBXBuildFile; fileRef = 07B7C1F51EF926EA0027B2FC /* Main_iPad.storyboard */; };
		07B7C1FC1EF926EA0027B2FC /* Main_iPhone.storyboard in Resources */ = {isa = PBXBuildFile; fileRef = 07B7C1F61EF926EA0027B2FC /* Main_iPhone.storyboard */; };
		07B7C1FD1EF926EA0027B2FC /* Settings.storyboard in Resources */ = {isa = PBXBuildFile; fileRef = 07B7C1F71EF926EA0027B2FC /* Settings.storyboard */; };
		07B867831F31CD8300374459 /* WrapViewController.swift in Sources */ = {isa = PBXBuildFile; fileRef = 07B867821F31CD8300374459 /* WrapViewController.swift */; };
		07B867851F32E9D600374459 /* DottedLineView.swift in Sources */ = {isa = PBXBuildFile; fileRef = 07B867841F32E9D600374459 /* DottedLineView.swift */; };
		07CC988A1F2D8A38008F65F9 /* EditTextView.swift in Sources */ = {isa = PBXBuildFile; fileRef = 07CC98891F2D8A38008F65F9 /* EditTextView.swift */; };
		07CC98F21F2F4328008F65F9 /* PdfRender.swift in Sources */ = {isa = PBXBuildFile; fileRef = 07CC98F11F2F4328008F65F9 /* PdfRender.swift */; };
		07CC98F51F2F4393008F65F9 /* StoreKit.framework in Frameworks */ = {isa = PBXBuildFile; fileRef = 07CC98F41F2F4393008F65F9 /* StoreKit.framework */; };
		07CC99341F316E9D008F65F9 /* RenderManager.swift in Sources */ = {isa = PBXBuildFile; fileRef = 07CC99331F316E9D008F65F9 /* RenderManager.swift */; };
		07DAA8951F07BDDA00A8D030 /* Configure.swift in Sources */ = {isa = PBXBuildFile; fileRef = 07DAA8941F07BDDA00A8D030 /* Configure.swift */; };
		3A63F46FBE6505D22E4425F7 /* Pods_MarkLite.framework in Frameworks */ = {isa = PBXBuildFile; fileRef = 3C052F2782AE8AAE804B89C9 /* Pods_MarkLite.framework */; };
/* End PBXBuildFile section */

/* Begin PBXFileReference section */
		07381D821F0A31C700E362E9 /* MarkLite-Bridging-Header.h */ = {isa = PBXFileReference; lastKnownFileType = sourcecode.c.h; path = "MarkLite-Bridging-Header.h"; sourceTree = "<group>"; };
		07381D8B1F0A467B00E362E9 /* icon.png */ = {isa = PBXFileReference; lastKnownFileType = image.png; path = icon.png; sourceTree = "<group>"; };
		07381D8C1F0A467B00E362E9 /* samples.zip */ = {isa = PBXFileReference; lastKnownFileType = archive.zip; path = samples.zip; sourceTree = "<group>"; };
		07381D8D1F0A467B00E362E9 /* style.zip */ = {isa = PBXFileReference; lastKnownFileType = archive.zip; path = style.zip; sourceTree = "<group>"; };
		074402ED1F14DF5F00410765 /* ImagePicker.swift */ = {isa = PBXFileReference; fileEncoding = 4; lastKnownFileType = sourcecode.swift; path = ImagePicker.swift; sourceTree = "<group>"; };
		075269B41EFBC40B00C4DAD9 /* FilesViewController.swift */ = {isa = PBXFileReference; fileEncoding = 4; lastKnownFileType = sourcecode.swift; path = FilesViewController.swift; sourceTree = "<group>"; };
		075269B81EFBD40D00C4DAD9 /* FileTableViewCell.swift */ = {isa = PBXFileReference; fileEncoding = 4; lastKnownFileType = sourcecode.swift; path = FileTableViewCell.swift; sourceTree = "<group>"; };
		075269DA1EFCE78A00C4DAD9 /* EditViewController.swift */ = {isa = PBXFileReference; fileEncoding = 4; lastKnownFileType = sourcecode.swift; path = EditViewController.swift; sourceTree = "<group>"; };
		075269DC1EFCE7C200C4DAD9 /* SettingsViewController.swift */ = {isa = PBXFileReference; fileEncoding = 4; lastKnownFileType = sourcecode.swift; path = SettingsViewController.swift; sourceTree = "<group>"; };
		075269DE1EFCEE9E00C4DAD9 /* Constant.swift */ = {isa = PBXFileReference; fileEncoding = 4; lastKnownFileType = sourcecode.swift; path = Constant.swift; sourceTree = "<group>"; };
		075360151F1602770007DF6A /* MenuView.swift */ = {isa = PBXFileReference; fileEncoding = 4; lastKnownFileType = sourcecode.swift; path = MenuView.swift; sourceTree = "<group>"; };
		076941F11F39820A004B8E95 /* ThemeViewController.swift */ = {isa = PBXFileReference; fileEncoding = 4; lastKnownFileType = sourcecode.swift; path = ThemeViewController.swift; sourceTree = "<group>"; };
		076941F31F39824F004B8E95 /* Theme.swift */ = {isa = PBXFileReference; fileEncoding = 4; lastKnownFileType = sourcecode.swift; path = Theme.swift; sourceTree = "<group>"; };
		076941F71F3AAC5F004B8E95 /* StyleViewController.swift */ = {isa = PBXFileReference; fileEncoding = 4; lastKnownFileType = sourcecode.swift; path = StyleViewController.swift; sourceTree = "<group>"; };
		076941F91F3ADD1E004B8E95 /* IAPHelper.swift */ = {isa = PBXFileReference; fileEncoding = 4; lastKnownFileType = sourcecode.swift; path = IAPHelper.swift; sourceTree = "<group>"; };
		076AF2F61EFA437100DCF6EF /* Utils.swift */ = {isa = PBXFileReference; fileEncoding = 4; lastKnownFileType = sourcecode.swift; path = Utils.swift; sourceTree = "<group>"; };
		077403AC1F037043001AB56A /* NavigationController.swift */ = {isa = PBXFileReference; fileEncoding = 4; lastKnownFileType = sourcecode.swift; path = NavigationController.swift; sourceTree = "<group>"; };
		077403AE1F03739D001AB56A /* WebViewController.swift */ = {isa = PBXFileReference; fileEncoding = 4; lastKnownFileType = sourcecode.swift; path = WebViewController.swift; sourceTree = "<group>"; };
		077403B01F0373A5001AB56A /* TextViewController.swift */ = {isa = PBXFileReference; fileEncoding = 4; lastKnownFileType = sourcecode.swift; path = TextViewController.swift; sourceTree = "<group>"; };
		0777CBC81F14672500DE1D29 /* AssistBar.swift */ = {isa = PBXFileReference; fileEncoding = 4; lastKnownFileType = sourcecode.swift; path = AssistBar.swift; sourceTree = "<group>"; };
		0777CBCA1F14674300DE1D29 /* AssistBar.xib */ = {isa = PBXFileReference; fileEncoding = 4; lastKnownFileType = file.xib; path = AssistBar.xib; sourceTree = "<group>"; };
		079693441F078F4C00F435C7 /* autolink.c */ = {isa = PBXFileReference; fileEncoding = 4; lastKnownFileType = sourcecode.c.c; path = autolink.c; sourceTree = "<group>"; };
		079693451F078F4C00F435C7 /* autolink.h */ = {isa = PBXFileReference; fileEncoding = 4; lastKnownFileType = sourcecode.c.h; path = autolink.h; sourceTree = "<group>"; };
		079693461F078F4C00F435C7 /* buffer.c */ = {isa = PBXFileReference; fileEncoding = 4; lastKnownFileType = sourcecode.c.c; path = buffer.c; sourceTree = "<group>"; };
		079693471F078F4C00F435C7 /* buffer.h */ = {isa = PBXFileReference; fileEncoding = 4; lastKnownFileType = sourcecode.c.h; path = buffer.h; sourceTree = "<group>"; };
		079693481F078F4C00F435C7 /* document.c */ = {isa = PBXFileReference; fileEncoding = 4; lastKnownFileType = sourcecode.c.c; path = document.c; sourceTree = "<group>"; };
		079693491F078F4C00F435C7 /* document.h */ = {isa = PBXFileReference; fileEncoding = 4; lastKnownFileType = sourcecode.c.h; path = document.h; sourceTree = "<group>"; };
		0796934A1F078F4C00F435C7 /* escape.c */ = {isa = PBXFileReference; fileEncoding = 4; lastKnownFileType = sourcecode.c.c; path = escape.c; sourceTree = "<group>"; };
		0796934B1F078F4C00F435C7 /* escape.h */ = {isa = PBXFileReference; fileEncoding = 4; lastKnownFileType = sourcecode.c.h; path = escape.h; sourceTree = "<group>"; };
		0796934D1F078F4C00F435C7 /* hoedown_html_patch.c */ = {isa = PBXFileReference; fileEncoding = 4; lastKnownFileType = sourcecode.c.c; path = hoedown_html_patch.c; sourceTree = "<group>"; };
		0796934E1F078F4C00F435C7 /* hoedown_html_patch.h */ = {isa = PBXFileReference; fileEncoding = 4; lastKnownFileType = sourcecode.c.h; path = hoedown_html_patch.h; sourceTree = "<group>"; };
		0796934F1F078F4C00F435C7 /* html.c */ = {isa = PBXFileReference; fileEncoding = 4; lastKnownFileType = sourcecode.c.c; path = html.c; sourceTree = "<group>"; };
		079693501F078F4C00F435C7 /* html.h */ = {isa = PBXFileReference; fileEncoding = 4; lastKnownFileType = sourcecode.c.h; path = html.h; sourceTree = "<group>"; };
		079693511F078F4C00F435C7 /* html_blocks.c */ = {isa = PBXFileReference; fileEncoding = 4; lastKnownFileType = sourcecode.c.c; path = html_blocks.c; sourceTree = "<group>"; };
		079693521F078F4C00F435C7 /* html_smartypants.c */ = {isa = PBXFileReference; fileEncoding = 4; lastKnownFileType = sourcecode.c.c; path = html_smartypants.c; sourceTree = "<group>"; };
		079693531F078F4C00F435C7 /* stack.c */ = {isa = PBXFileReference; fileEncoding = 4; lastKnownFileType = sourcecode.c.c; path = stack.c; sourceTree = "<group>"; };
		079693541F078F4C00F435C7 /* stack.h */ = {isa = PBXFileReference; fileEncoding = 4; lastKnownFileType = sourcecode.c.h; path = stack.h; sourceTree = "<group>"; };
		079693551F078F4C00F435C7 /* version.c */ = {isa = PBXFileReference; fileEncoding = 4; lastKnownFileType = sourcecode.c.c; path = version.c; sourceTree = "<group>"; };
		079693561F078F4C00F435C7 /* version.h */ = {isa = PBXFileReference; fileEncoding = 4; lastKnownFileType = sourcecode.c.h; path = version.h; sourceTree = "<group>"; };
		079693611F0790C500F435C7 /* HighlightManager.swift */ = {isa = PBXFileReference; fileEncoding = 4; lastKnownFileType = sourcecode.swift; path = HighlightManager.swift; sourceTree = "<group>"; };
		07B7C1B71EF913A50027B2FC /* MarkLite.app */ = {isa = PBXFileReference; explicitFileType = wrapper.application; includeInIndex = 0; path = MarkLite.app; sourceTree = BUILT_PRODUCTS_DIR; };
		07B7C1BA1EF913A50027B2FC /* AppDelegate.swift */ = {isa = PBXFileReference; lastKnownFileType = sourcecode.swift; path = AppDelegate.swift; sourceTree = "<group>"; };
		07B7C1C11EF913A50027B2FC /* Assets.xcassets */ = {isa = PBXFileReference; lastKnownFileType = folder.assetcatalog; path = Assets.xcassets; sourceTree = "<group>"; };
		07B7C1C61EF913A50027B2FC /* Info.plist */ = {isa = PBXFileReference; lastKnownFileType = text.plist.xml; path = Info.plist; sourceTree = "<group>"; };
		07B7C1F01EF926280027B2FC /* File.swift */ = {isa = PBXFileReference; fileEncoding = 4; lastKnownFileType = sourcecode.swift; path = File.swift; sourceTree = "<group>"; };
		07B7C1F31EF926EA0027B2FC /* Edit.storyboard */ = {isa = PBXFileReference; fileEncoding = 4; lastKnownFileType = file.storyboard; path = Edit.storyboard; sourceTree = "<group>"; };
		07B7C1F41EF926EA0027B2FC /* LaunchScreen.storyboard */ = {isa = PBXFileReference; fileEncoding = 4; lastKnownFileType = file.storyboard; path = LaunchScreen.storyboard; sourceTree = "<group>"; };
		07B7C1F51EF926EA0027B2FC /* Main_iPad.storyboard */ = {isa = PBXFileReference; fileEncoding = 4; lastKnownFileType = file.storyboard; path = Main_iPad.storyboard; sourceTree = "<group>"; };
		07B7C1F61EF926EA0027B2FC /* Main_iPhone.storyboard */ = {isa = PBXFileReference; fileEncoding = 4; lastKnownFileType = file.storyboard; path = Main_iPhone.storyboard; sourceTree = "<group>"; };
		07B7C1F71EF926EA0027B2FC /* Settings.storyboard */ = {isa = PBXFileReference; fileEncoding = 4; lastKnownFileType = file.storyboard; path = Settings.storyboard; sourceTree = "<group>"; };
		07B867821F31CD8300374459 /* WrapViewController.swift */ = {isa = PBXFileReference; fileEncoding = 4; lastKnownFileType = sourcecode.swift; path = WrapViewController.swift; sourceTree = "<group>"; };
		07B867841F32E9D600374459 /* DottedLineView.swift */ = {isa = PBXFileReference; fileEncoding = 4; lastKnownFileType = sourcecode.swift; path = DottedLineView.swift; sourceTree = "<group>"; };
		07CC98891F2D8A38008F65F9 /* EditTextView.swift */ = {isa = PBXFileReference; fileEncoding = 4; lastKnownFileType = sourcecode.swift; path = EditTextView.swift; sourceTree = "<group>"; };
		07CC98F11F2F4328008F65F9 /* PdfRender.swift */ = {isa = PBXFileReference; fileEncoding = 4; lastKnownFileType = sourcecode.swift; path = PdfRender.swift; sourceTree = "<group>"; };
		07CC98F31F2F4388008F65F9 /* MarkLite.entitlements */ = {isa = PBXFileReference; lastKnownFileType = text.plist.entitlements; path = MarkLite.entitlements; sourceTree = "<group>"; };
		07CC98F41F2F4393008F65F9 /* StoreKit.framework */ = {isa = PBXFileReference; lastKnownFileType = wrapper.framework; name = StoreKit.framework; path = System/Library/Frameworks/StoreKit.framework; sourceTree = SDKROOT; };
		07CC99321F316CB2008F65F9 /* hoedown_helper.h */ = {isa = PBXFileReference; lastKnownFileType = sourcecode.c.h; path = hoedown_helper.h; sourceTree = "<group>"; };
		07CC99331F316E9D008F65F9 /* RenderManager.swift */ = {isa = PBXFileReference; fileEncoding = 4; lastKnownFileType = sourcecode.swift; path = RenderManager.swift; sourceTree = "<group>"; };
		07DAA8941F07BDDA00A8D030 /* Configure.swift */ = {isa = PBXFileReference; fileEncoding = 4; lastKnownFileType = sourcecode.swift; name = Configure.swift; path = ../Utils/Configure.swift; sourceTree = "<group>"; };
		1BCD713C28020F7BA4F7C30E /* Pods-MarkLite.debug.xcconfig */ = {isa = PBXFileReference; includeInIndex = 1; lastKnownFileType = text.xcconfig; name = "Pods-MarkLite.debug.xcconfig"; path = "Pods/Target Support Files/Pods-MarkLite/Pods-MarkLite.debug.xcconfig"; sourceTree = "<group>"; };
		3C052F2782AE8AAE804B89C9 /* Pods_MarkLite.framework */ = {isa = PBXFileReference; explicitFileType = wrapper.framework; includeInIndex = 0; path = Pods_MarkLite.framework; sourceTree = BUILT_PRODUCTS_DIR; };
		77E8D2E9C4DDB0C2BA1F87C2 /* Pods-MarkLite.release.xcconfig */ = {isa = PBXFileReference; includeInIndex = 1; lastKnownFileType = text.xcconfig; name = "Pods-MarkLite.release.xcconfig"; path = "Pods/Target Support Files/Pods-MarkLite/Pods-MarkLite.release.xcconfig"; sourceTree = "<group>"; };
/* End PBXFileReference section */

/* Begin PBXFrameworksBuildPhase section */
		07B7C1B41EF913A50027B2FC /* Frameworks */ = {
			isa = PBXFrameworksBuildPhase;
			buildActionMask = 2147483647;
			files = (
				3A63F46FBE6505D22E4425F7 /* Pods_MarkLite.framework in Frameworks */,
				07CC98F51F2F4393008F65F9 /* StoreKit.framework in Frameworks */,
			);
			runOnlyForDeploymentPostprocessing = 0;
		};
/* End PBXFrameworksBuildPhase section */

/* Begin PBXGroup section */
		07381D8A1F0A467B00E362E9 /* Resource */ = {
			isa = PBXGroup;
			children = (
				07381D8B1F0A467B00E362E9 /* icon.png */,
				07381D8C1F0A467B00E362E9 /* samples.zip */,
				07381D8D1F0A467B00E362E9 /* style.zip */,
			);
			path = Resource;
			sourceTree = "<group>";
		};
		076941F01F3981F3004B8E95 /* Settings */ = {
			isa = PBXGroup;
			children = (
				076941F11F39820A004B8E95 /* ThemeViewController.swift */,
				076941F71F3AAC5F004B8E95 /* StyleViewController.swift */,
			);
			name = Settings;
			sourceTree = "<group>";
		};
		079693431F078F4C00F435C7 /* hoedown */ = {
			isa = PBXGroup;
			children = (
				079693441F078F4C00F435C7 /* autolink.c */,
				079693451F078F4C00F435C7 /* autolink.h */,
				079693461F078F4C00F435C7 /* buffer.c */,
				079693471F078F4C00F435C7 /* buffer.h */,
				079693481F078F4C00F435C7 /* document.c */,
				079693491F078F4C00F435C7 /* document.h */,
				0796934A1F078F4C00F435C7 /* escape.c */,
				0796934B1F078F4C00F435C7 /* escape.h */,
				0796934D1F078F4C00F435C7 /* hoedown_html_patch.c */,
				0796934E1F078F4C00F435C7 /* hoedown_html_patch.h */,
				0796934F1F078F4C00F435C7 /* html.c */,
				079693501F078F4C00F435C7 /* html.h */,
				079693511F078F4C00F435C7 /* html_blocks.c */,
				079693521F078F4C00F435C7 /* html_smartypants.c */,
				079693531F078F4C00F435C7 /* stack.c */,
				079693541F078F4C00F435C7 /* stack.h */,
				079693551F078F4C00F435C7 /* version.c */,
				079693561F078F4C00F435C7 /* version.h */,
			);
			path = hoedown;
			sourceTree = "<group>";
		};
		07B7C1AE1EF913A50027B2FC = {
			isa = PBXGroup;
			children = (
				07B7C1B91EF913A50027B2FC /* MarkLite */,
				07B7C1B81EF913A50027B2FC /* Products */,
				8768370E47A5D6A656122DF7 /* Pods */,
				A139CD330A9EB59EC20B5F3F /* Frameworks */,
			);
			sourceTree = "<group>";
		};
		07B7C1B81EF913A50027B2FC /* Products */ = {
			isa = PBXGroup;
			children = (
				07B7C1B71EF913A50027B2FC /* MarkLite.app */,
			);
			name = Products;
			sourceTree = "<group>";
		};
		07B7C1B91EF913A50027B2FC /* MarkLite */ = {
			isa = PBXGroup;
			children = (
				07CC98F31F2F4388008F65F9 /* MarkLite.entitlements */,
				07B7C1BA1EF913A50027B2FC /* AppDelegate.swift */,
				07B7C1FF1EF927070027B2FC /* Core */,
				07B7C1EC1EF926180027B2FC /* Model */,
				07B7C1ED1EF926180027B2FC /* Utils */,
				07B7C1EE1EF926180027B2FC /* View */,
				07B7C1EF1EF926180027B2FC /* ViewController */,
				07B7C1F21EF926EA0027B2FC /* StoryBoard */,
				07B7C1C11EF913A50027B2FC /* Assets.xcassets */,
				07381D8A1F0A467B00E362E9 /* Resource */,
				07B7C1C61EF913A50027B2FC /* Info.plist */,
			);
			path = MarkLite;
			sourceTree = "<group>";
		};
		07B7C1EC1EF926180027B2FC /* Model */ = {
			isa = PBXGroup;
			children = (
				07B7C1F01EF926280027B2FC /* File.swift */,
				07DAA8941F07BDDA00A8D030 /* Configure.swift */,
				076941F31F39824F004B8E95 /* Theme.swift */,
			);
			path = Model;
			sourceTree = "<group>";
		};
		07B7C1ED1EF926180027B2FC /* Utils */ = {
			isa = PBXGroup;
			children = (
				076AF2F61EFA437100DCF6EF /* Utils.swift */,
				075269DE1EFCEE9E00C4DAD9 /* Constant.swift */,
				076941F91F3ADD1E004B8E95 /* IAPHelper.swift */,
			);
			path = Utils;
			sourceTree = "<group>";
		};
		07B7C1EE1EF926180027B2FC /* View */ = {
			isa = PBXGroup;
			children = (
				075269B81EFBD40D00C4DAD9 /* FileTableViewCell.swift */,
				075360151F1602770007DF6A /* MenuView.swift */,
				074402ED1F14DF5F00410765 /* ImagePicker.swift */,
				0777CBC81F14672500DE1D29 /* AssistBar.swift */,
				0777CBCA1F14674300DE1D29 /* AssistBar.xib */,
				07CC98891F2D8A38008F65F9 /* EditTextView.swift */,
				07B867841F32E9D600374459 /* DottedLineView.swift */,
			);
			path = View;
			sourceTree = "<group>";
		};
		07B7C1EF1EF926180027B2FC /* ViewController */ = {
			isa = PBXGroup;
			children = (
				075269B41EFBC40B00C4DAD9 /* FilesViewController.swift */,
				075269DA1EFCE78A00C4DAD9 /* EditViewController.swift */,
				077403AE1F03739D001AB56A /* WebViewController.swift */,
				077403B01F0373A5001AB56A /* TextViewController.swift */,
				075269DC1EFCE7C200C4DAD9 /* SettingsViewController.swift */,
				077403AC1F037043001AB56A /* NavigationController.swift */,
				07B867821F31CD8300374459 /* WrapViewController.swift */,
				076941F01F3981F3004B8E95 /* Settings */,
			);
			path = ViewController;
			sourceTree = "<group>";
		};
		07B7C1F21EF926EA0027B2FC /* StoryBoard */ = {
			isa = PBXGroup;
			children = (
				07B7C1F41EF926EA0027B2FC /* LaunchScreen.storyboard */,
				07B7C1F51EF926EA0027B2FC /* Main_iPad.storyboard */,
				07B7C1F61EF926EA0027B2FC /* Main_iPhone.storyboard */,
				07B7C1F71EF926EA0027B2FC /* Settings.storyboard */,
				07B7C1F31EF926EA0027B2FC /* Edit.storyboard */,
			);
			path = StoryBoard;
			sourceTree = "<group>";
		};
		07B7C1FF1EF927070027B2FC /* Core */ = {
			isa = PBXGroup;
			children = (
				079693431F078F4C00F435C7 /* hoedown */,
				07381D821F0A31C700E362E9 /* MarkLite-Bridging-Header.h */,
				07CC99321F316CB2008F65F9 /* hoedown_helper.h */,
				079693611F0790C500F435C7 /* HighlightManager.swift */,
				07CC98F11F2F4328008F65F9 /* PdfRender.swift */,
				07CC99331F316E9D008F65F9 /* RenderManager.swift */,
			);
			path = Core;
			sourceTree = "<group>";
		};
		8768370E47A5D6A656122DF7 /* Pods */ = {
			isa = PBXGroup;
			children = (
				1BCD713C28020F7BA4F7C30E /* Pods-MarkLite.debug.xcconfig */,
				77E8D2E9C4DDB0C2BA1F87C2 /* Pods-MarkLite.release.xcconfig */,
			);
			name = Pods;
			sourceTree = "<group>";
		};
		A139CD330A9EB59EC20B5F3F /* Frameworks */ = {
			isa = PBXGroup;
			children = (
				07CC98F41F2F4393008F65F9 /* StoreKit.framework */,
				3C052F2782AE8AAE804B89C9 /* Pods_MarkLite.framework */,
			);
			name = Frameworks;
			sourceTree = "<group>";
		};
/* End PBXGroup section */

/* Begin PBXNativeTarget section */
		07B7C1B61EF913A50027B2FC /* MarkLite */ = {
			isa = PBXNativeTarget;
			buildConfigurationList = 07B7C1C91EF913A50027B2FC /* Build configuration list for PBXNativeTarget "MarkLite" */;
			buildPhases = (
				D28D25D2886971E72418E347 /* [CP] Check Pods Manifest.lock */,
				07B7C1B31EF913A50027B2FC /* Sources */,
				07B7C1B41EF913A50027B2FC /* Frameworks */,
				07B7C1B51EF913A50027B2FC /* Resources */,
				FF70E780CC0C16A9C430B32B /* [CP] Embed Pods Frameworks */,
				5A61CF44F5AFCD3DA06D6DB0 /* [CP] Copy Pods Resources */,
			);
			buildRules = (
			);
			dependencies = (
			);
			name = MarkLite;
			productName = MarkLite;
			productReference = 07B7C1B71EF913A50027B2FC /* MarkLite.app */;
			productType = "com.apple.product-type.application";
		};
/* End PBXNativeTarget section */

/* Begin PBXProject section */
		07B7C1AF1EF913A50027B2FC /* Project object */ = {
			isa = PBXProject;
			attributes = {
				LastSwiftUpdateCheck = 0830;
				LastUpgradeCheck = 0830;
				ORGANIZATIONNAME = zhubch;
				TargetAttributes = {
					07B7C1B61EF913A50027B2FC = {
						CreatedOnToolsVersion = 8.3.1;
						DevelopmentTeam = HX6HU45L64;
						ProvisioningStyle = Automatic;
						SystemCapabilities = {
							com.apple.InAppPurchase = {
								enabled = 1;
							};
							com.apple.iCloud = {
								enabled = 1;
							};
						};
					};
				};
			};
			buildConfigurationList = 07B7C1B21EF913A50027B2FC /* Build configuration list for PBXProject "MarkLite" */;
			compatibilityVersion = "Xcode 3.2";
			developmentRegion = English;
			hasScannedForEncodings = 0;
			mainGroup = 07B7C1AE1EF913A50027B2FC;
			productRefGroup = 07B7C1B81EF913A50027B2FC /* Products */;
			projectDirPath = "";
			projectRoot = "";
			targets = (
				07B7C1B61EF913A50027B2FC /* MarkLite */,
			);
		};
/* End PBXProject section */

/* Begin PBXResourcesBuildPhase section */
		07B7C1B51EF913A50027B2FC /* Resources */ = {
			isa = PBXResourcesBuildPhase;
			buildActionMask = 2147483647;
			files = (
				07B7C1FA1EF926EA0027B2FC /* LaunchScreen.storyboard in Resources */,
				07B7C1FB1EF926EA0027B2FC /* Main_iPad.storyboard in Resources */,
				0777CBCB1F14674300DE1D29 /* AssistBar.xib in Resources */,
				07381D8F1F0A467B00E362E9 /* samples.zip in Resources */,
				07B7C1FC1EF926EA0027B2FC /* Main_iPhone.storyboard in Resources */,
				07B7C1FD1EF926EA0027B2FC /* Settings.storyboard in Resources */,
				07381D8E1F0A467B00E362E9 /* icon.png in Resources */,
				07B7C1F91EF926EA0027B2FC /* Edit.storyboard in Resources */,
				07B7C1C21EF913A50027B2FC /* Assets.xcassets in Resources */,
				07381D901F0A467B00E362E9 /* style.zip in Resources */,
			);
			runOnlyForDeploymentPostprocessing = 0;
		};
/* End PBXResourcesBuildPhase section */

/* Begin PBXShellScriptBuildPhase section */
		5A61CF44F5AFCD3DA06D6DB0 /* [CP] Copy Pods Resources */ = {
			isa = PBXShellScriptBuildPhase;
			buildActionMask = 2147483647;
			files = (
			);
			inputPaths = (
			);
			name = "[CP] Copy Pods Resources";
			outputPaths = (
			);
			runOnlyForDeploymentPostprocessing = 0;
			shellPath = /bin/sh;
			shellScript = "\"${SRCROOT}/Pods/Target Support Files/Pods-MarkLite/Pods-MarkLite-resources.sh\"\n";
			showEnvVarsInLog = 0;
		};
		D28D25D2886971E72418E347 /* [CP] Check Pods Manifest.lock */ = {
			isa = PBXShellScriptBuildPhase;
			buildActionMask = 2147483647;
			files = (
			);
			inputPaths = (
			);
			name = "[CP] Check Pods Manifest.lock";
			outputPaths = (
			);
			runOnlyForDeploymentPostprocessing = 0;
			shellPath = /bin/sh;
			shellScript = "diff \"${PODS_PODFILE_DIR_PATH}/Podfile.lock\" \"${PODS_ROOT}/Manifest.lock\" > /dev/null\nif [ $? != 0 ] ; then\n    # print error to STDERR\n    echo \"error: The sandbox is not in sync with the Podfile.lock. Run 'pod install' or update your CocoaPods installation.\" >&2\n    exit 1\nfi\n";
			showEnvVarsInLog = 0;
		};
		FF70E780CC0C16A9C430B32B /* [CP] Embed Pods Frameworks */ = {
			isa = PBXShellScriptBuildPhase;
			buildActionMask = 2147483647;
			files = (
			);
			inputPaths = (
			);
			name = "[CP] Embed Pods Frameworks";
			outputPaths = (
			);
			runOnlyForDeploymentPostprocessing = 0;
			shellPath = /bin/sh;
			shellScript = "\"${SRCROOT}/Pods/Target Support Files/Pods-MarkLite/Pods-MarkLite-frameworks.sh\"\n";
			showEnvVarsInLog = 0;
		};
/* End PBXShellScriptBuildPhase section */

/* Begin PBXSourcesBuildPhase section */
		07B7C1B31EF913A50027B2FC /* Sources */ = {
			isa = PBXSourcesBuildPhase;
			buildActionMask = 2147483647;
			files = (
				077403AF1F03739D001AB56A /* WebViewController.swift in Sources */,
				075269DD1EFCE7C200C4DAD9 /* SettingsViewController.swift in Sources */,
				07DAA8951F07BDDA00A8D030 /* Configure.swift in Sources */,
				075269DF1EFCEE9E00C4DAD9 /* Constant.swift in Sources */,
				074402EE1F14DF5F00410765 /* ImagePicker.swift in Sources */,
				0796935A1F078F4C00F435C7 /* escape.c in Sources */,
				076941F21F39820A004B8E95 /* ThemeViewController.swift in Sources */,
				079693621F0790C500F435C7 /* HighlightManager.swift in Sources */,
				077403AD1F037043001AB56A /* NavigationController.swift in Sources */,
				07CC988A1F2D8A38008F65F9 /* EditTextView.swift in Sources */,
				075269B91EFBD40D00C4DAD9 /* FileTableViewCell.swift in Sources */,
				0796935D1F078F4C00F435C7 /* html_blocks.c in Sources */,
				0796935E1F078F4C00F435C7 /* html_smartypants.c in Sources */,
				079693601F078F4C00F435C7 /* version.c in Sources */,
				076941F81F3AAC5F004B8E95 /* StyleViewController.swift in Sources */,
				07B867831F31CD8300374459 /* WrapViewController.swift in Sources */,
				076941F41F39824F004B8E95 /* Theme.swift in Sources */,
				07B7C1F11EF926280027B2FC /* File.swift in Sources */,
				079693571F078F4C00F435C7 /* autolink.c in Sources */,
				07CC99341F316E9D008F65F9 /* RenderManager.swift in Sources */,
				075269B51EFBC40B00C4DAD9 /* FilesViewController.swift in Sources */,
				079693591F078F4C00F435C7 /* document.c in Sources */,
				07B7C1BB1EF913A50027B2FC /* AppDelegate.swift in Sources */,
				0777CBC91F14672500DE1D29 /* AssistBar.swift in Sources */,
				07B867851F32E9D600374459 /* DottedLineView.swift in Sources */,
				076AF2F71EFA437100DCF6EF /* Utils.swift in Sources */,
				0796935B1F078F4C00F435C7 /* hoedown_html_patch.c in Sources */,
				075360161F1602770007DF6A /* MenuView.swift in Sources */,
				075269DB1EFCE78A00C4DAD9 /* EditViewController.swift in Sources */,
				0796935F1F078F4C00F435C7 /* stack.c in Sources */,
				079693581F078F4C00F435C7 /* buffer.c in Sources */,
				0796935C1F078F4C00F435C7 /* html.c in Sources */,
				07CC98F21F2F4328008F65F9 /* PdfRender.swift in Sources */,
				076941FA1F3ADD1E004B8E95 /* IAPHelper.swift in Sources */,
				077403B11F0373A5001AB56A /* TextViewController.swift in Sources */,
			);
			runOnlyForDeploymentPostprocessing = 0;
		};
/* End PBXSourcesBuildPhase section */

/* Begin XCBuildConfiguration section */
		07B7C1C71EF913A50027B2FC /* Debug */ = {
			isa = XCBuildConfiguration;
			buildSettings = {
				ALWAYS_SEARCH_USER_PATHS = NO;
				CLANG_ANALYZER_NONNULL = YES;
				CLANG_ANALYZER_NUMBER_OBJECT_CONVERSION = YES_AGGRESSIVE;
				CLANG_CXX_LANGUAGE_STANDARD = "gnu++0x";
				CLANG_CXX_LIBRARY = "libc++";
				CLANG_ENABLE_MODULES = YES;
				CLANG_ENABLE_OBJC_ARC = YES;
				CLANG_WARN_BOOL_CONVERSION = YES;
				CLANG_WARN_CONSTANT_CONVERSION = YES;
				CLANG_WARN_DIRECT_OBJC_ISA_USAGE = YES_ERROR;
				CLANG_WARN_DOCUMENTATION_COMMENTS = YES;
				CLANG_WARN_EMPTY_BODY = YES;
				CLANG_WARN_ENUM_CONVERSION = YES;
				CLANG_WARN_INFINITE_RECURSION = YES;
				CLANG_WARN_INT_CONVERSION = YES;
				CLANG_WARN_OBJC_ROOT_CLASS = YES_ERROR;
				CLANG_WARN_SUSPICIOUS_MOVE = YES;
				CLANG_WARN_UNREACHABLE_CODE = YES;
				CLANG_WARN__DUPLICATE_METHOD_MATCH = YES;
				"CODE_SIGN_IDENTITY[sdk=iphoneos*]" = "iPhone Developer";
				COPY_PHASE_STRIP = NO;
				DEBUG_INFORMATION_FORMAT = dwarf;
				ENABLE_STRICT_OBJC_MSGSEND = YES;
				ENABLE_TESTABILITY = YES;
				GCC_C_LANGUAGE_STANDARD = gnu99;
				GCC_DYNAMIC_NO_PIC = NO;
				GCC_NO_COMMON_BLOCKS = YES;
				GCC_OPTIMIZATION_LEVEL = 0;
				GCC_PREPROCESSOR_DEFINITIONS = (
					"DEBUG=1",
					"$(inherited)",
				);
				GCC_WARN_64_TO_32_BIT_CONVERSION = YES;
				GCC_WARN_ABOUT_RETURN_TYPE = YES_ERROR;
				GCC_WARN_UNDECLARED_SELECTOR = YES;
				GCC_WARN_UNINITIALIZED_AUTOS = YES_AGGRESSIVE;
				GCC_WARN_UNUSED_FUNCTION = YES;
				GCC_WARN_UNUSED_VARIABLE = YES;
				IPHONEOS_DEPLOYMENT_TARGET = 10.3;
				MTL_ENABLE_DEBUG_INFO = YES;
				ONLY_ACTIVE_ARCH = YES;
				SDKROOT = iphoneos;
				SWIFT_ACTIVE_COMPILATION_CONDITIONS = DEBUG;
				SWIFT_OPTIMIZATION_LEVEL = "-Onone";
				TARGETED_DEVICE_FAMILY = "1,2";
			};
			name = Debug;
		};
		07B7C1C81EF913A50027B2FC /* Release */ = {
			isa = XCBuildConfiguration;
			buildSettings = {
				ALWAYS_SEARCH_USER_PATHS = NO;
				CLANG_ANALYZER_NONNULL = YES;
				CLANG_ANALYZER_NUMBER_OBJECT_CONVERSION = YES_AGGRESSIVE;
				CLANG_CXX_LANGUAGE_STANDARD = "gnu++0x";
				CLANG_CXX_LIBRARY = "libc++";
				CLANG_ENABLE_MODULES = YES;
				CLANG_ENABLE_OBJC_ARC = YES;
				CLANG_WARN_BOOL_CONVERSION = YES;
				CLANG_WARN_CONSTANT_CONVERSION = YES;
				CLANG_WARN_DIRECT_OBJC_ISA_USAGE = YES_ERROR;
				CLANG_WARN_DOCUMENTATION_COMMENTS = YES;
				CLANG_WARN_EMPTY_BODY = YES;
				CLANG_WARN_ENUM_CONVERSION = YES;
				CLANG_WARN_INFINITE_RECURSION = YES;
				CLANG_WARN_INT_CONVERSION = YES;
				CLANG_WARN_OBJC_ROOT_CLASS = YES_ERROR;
				CLANG_WARN_SUSPICIOUS_MOVE = YES;
				CLANG_WARN_UNREACHABLE_CODE = YES;
				CLANG_WARN__DUPLICATE_METHOD_MATCH = YES;
				"CODE_SIGN_IDENTITY[sdk=iphoneos*]" = "iPhone Developer";
				COPY_PHASE_STRIP = NO;
				DEBUG_INFORMATION_FORMAT = "dwarf-with-dsym";
				ENABLE_NS_ASSERTIONS = NO;
				ENABLE_STRICT_OBJC_MSGSEND = YES;
				GCC_C_LANGUAGE_STANDARD = gnu99;
				GCC_NO_COMMON_BLOCKS = YES;
				GCC_WARN_64_TO_32_BIT_CONVERSION = YES;
				GCC_WARN_ABOUT_RETURN_TYPE = YES_ERROR;
				GCC_WARN_UNDECLARED_SELECTOR = YES;
				GCC_WARN_UNINITIALIZED_AUTOS = YES_AGGRESSIVE;
				GCC_WARN_UNUSED_FUNCTION = YES;
				GCC_WARN_UNUSED_VARIABLE = YES;
				IPHONEOS_DEPLOYMENT_TARGET = 10.3;
				MTL_ENABLE_DEBUG_INFO = NO;
				SDKROOT = iphoneos;
				SWIFT_OPTIMIZATION_LEVEL = "-Owholemodule";
				TARGETED_DEVICE_FAMILY = "1,2";
				VALIDATE_PRODUCT = YES;
			};
			name = Release;
		};
		07B7C1CA1EF913A50027B2FC /* Debug */ = {
			isa = XCBuildConfiguration;
			baseConfigurationReference = 1BCD713C28020F7BA4F7C30E /* Pods-MarkLite.debug.xcconfig */;
			buildSettings = {
				ASSETCATALOG_COMPILER_APPICON_NAME = AppIcon;
				CODE_SIGN_ENTITLEMENTS = MarkLite/MarkLite.entitlements;
				DEVELOPMENT_TEAM = HX6HU45L64;
				INFOPLIST_FILE = MarkLite/Info.plist;
				IPHONEOS_DEPLOYMENT_TARGET = 9.0;
				LD_RUNPATH_SEARCH_PATHS = "$(inherited) @executable_path/Frameworks";
				PRODUCT_BUNDLE_IDENTIFIER = com.zhubch.MarkLite;
				PRODUCT_NAME = "$(TARGET_NAME)";
				SWIFT_OBJC_BRIDGING_HEADER = "MarkLite/Core/MarkLite-Bridging-Header.h";
				SWIFT_VERSION = 3.0;
			};
			name = Debug;
		};
		07B7C1CB1EF913A50027B2FC /* Release */ = {
			isa = XCBuildConfiguration;
			baseConfigurationReference = 77E8D2E9C4DDB0C2BA1F87C2 /* Pods-MarkLite.release.xcconfig */;
			buildSettings = {
				ASSETCATALOG_COMPILER_APPICON_NAME = AppIcon;
				CODE_SIGN_ENTITLEMENTS = MarkLite/MarkLite.entitlements;
				DEVELOPMENT_TEAM = HX6HU45L64;
				INFOPLIST_FILE = MarkLite/Info.plist;
				IPHONEOS_DEPLOYMENT_TARGET = 9.0;
				LD_RUNPATH_SEARCH_PATHS = "$(inherited) @executable_path/Frameworks";
				PRODUCT_BUNDLE_IDENTIFIER = com.zhubch.MarkLite;
				PRODUCT_NAME = "$(TARGET_NAME)";
				SWIFT_OBJC_BRIDGING_HEADER = "MarkLite/Core/MarkLite-Bridging-Header.h";
				SWIFT_VERSION = 3.0;
			};
			name = Release;
		};
/* End XCBuildConfiguration section */

/* Begin XCConfigurationList section */
		07B7C1B21EF913A50027B2FC /* Build configuration list for PBXProject "MarkLite" */ = {
			isa = XCConfigurationList;
			buildConfigurations = (
				07B7C1C71EF913A50027B2FC /* Debug */,
				07B7C1C81EF913A50027B2FC /* Release */,
			);
			defaultConfigurationIsVisible = 0;
			defaultConfigurationName = Release;
		};
		07B7C1C91EF913A50027B2FC /* Build configuration list for PBXNativeTarget "MarkLite" */ = {
			isa = XCConfigurationList;
			buildConfigurations = (
				07B7C1CA1EF913A50027B2FC /* Debug */,
				07B7C1CB1EF913A50027B2FC /* Release */,
			);
			defaultConfigurationIsVisible = 0;
			defaultConfigurationName = Release;
		};
/* End XCConfigurationList section */
	};
	rootObject = 07B7C1AF1EF913A50027B2FC /* Project object */;
}
