// !$*UTF8*$!
{
	archiveVersion = 1;
	classes = {
	};
	objectVersion = 46;
	objects = {

/* Begin PBXBuildFile section */
		0724281B1F726B0300C02F87 /* ImagePicker.swift in Sources */ = {isa = PBXBuildFile; fileRef = 0724281A1F726B0300C02F87 /* ImagePicker.swift */; };
		07DE506F2153867A007B38D0 /* Style.zip in Resources */ = {isa = PBXBuildFile; fileRef = 07DE506E21538679007B38D0 /* Style.zip */; };
		07E826961F5BF0F20077A017 /* AppDelegate.swift in Sources */ = {isa = PBXBuildFile; fileRef = 07E826951F5BF0F20077A017 /* AppDelegate.swift */; };
		07E8269D1F5BF0F20077A017 /* Assets.xcassets in Resources */ = {isa = PBXBuildFile; fileRef = 07E8269C1F5BF0F20077A017 /* Assets.xcassets */; };
		07E826A01F5BF0F20077A017 /* LaunchScreen.storyboard in Resources */ = {isa = PBXBuildFile; fileRef = 07E8269E1F5BF0F20077A017 /* LaunchScreen.storyboard */; };
		07E827101F5BF1BA0077A017 /* HighlightManager.swift in Sources */ = {isa = PBXBuildFile; fileRef = 07E826A81F5BF1BA0077A017 /* HighlightManager.swift */; };
		07E827111F5BF1BA0077A017 /* autolink.c in Sources */ = {isa = PBXBuildFile; fileRef = 07E826AA1F5BF1BA0077A017 /* autolink.c */; };
		07E827121F5BF1BA0077A017 /* buffer.c in Sources */ = {isa = PBXBuildFile; fileRef = 07E826AC1F5BF1BA0077A017 /* buffer.c */; };
		07E827131F5BF1BA0077A017 /* document.c in Sources */ = {isa = PBXBuildFile; fileRef = 07E826AE1F5BF1BA0077A017 /* document.c */; };
		07E827141F5BF1BA0077A017 /* escape.c in Sources */ = {isa = PBXBuildFile; fileRef = 07E826B01F5BF1BA0077A017 /* escape.c */; };
		07E827151F5BF1BA0077A017 /* hoedown_html_patch.c in Sources */ = {isa = PBXBuildFile; fileRef = 07E826B21F5BF1BA0077A017 /* hoedown_html_patch.c */; };
		07E827161F5BF1BA0077A017 /* html.c in Sources */ = {isa = PBXBuildFile; fileRef = 07E826B41F5BF1BA0077A017 /* html.c */; };
		07E827171F5BF1BA0077A017 /* html_blocks.c in Sources */ = {isa = PBXBuildFile; fileRef = 07E826B61F5BF1BA0077A017 /* html_blocks.c */; };
		07E827181F5BF1BA0077A017 /* html_smartypants.c in Sources */ = {isa = PBXBuildFile; fileRef = 07E826B71F5BF1BA0077A017 /* html_smartypants.c */; };
		07E827191F5BF1BA0077A017 /* stack.c in Sources */ = {isa = PBXBuildFile; fileRef = 07E826B81F5BF1BA0077A017 /* stack.c */; };
		07E8271A1F5BF1BA0077A017 /* version.c in Sources */ = {isa = PBXBuildFile; fileRef = 07E826BA1F5BF1BA0077A017 /* version.c */; };
		07E8271B1F5BF1BA0077A017 /* PdfRender.swift in Sources */ = {isa = PBXBuildFile; fileRef = 07E826BE1F5BF1BA0077A017 /* PdfRender.swift */; };
		07E8271C1F5BF1BA0077A017 /* RenderManager.swift in Sources */ = {isa = PBXBuildFile; fileRef = 07E826BF1F5BF1BA0077A017 /* RenderManager.swift */; };
		07E8271D1F5BF1BA0077A017 /* File.swift in Sources */ = {isa = PBXBuildFile; fileRef = 07E826C11F5BF1BA0077A017 /* File.swift */; };
		07E8271E1F5BF1BA0077A017 /* Theme.swift in Sources */ = {isa = PBXBuildFile; fileRef = 07E826C21F5BF1BA0077A017 /* Theme.swift */; };
		07E827291F5BF1BA0077A017 /* samples.zip in Resources */ = {isa = PBXBuildFile; fileRef = 07E826D31F5BF1BA0077A017 /* samples.zip */; };
		07E827441F5BF1BA0077A017 /* Edit.storyboard in Resources */ = {isa = PBXBuildFile; fileRef = 07E826F31F5BF1BA0077A017 /* Edit.storyboard */; };
		07E827451F5BF1BA0077A017 /* Main_iPad.storyboard in Resources */ = {isa = PBXBuildFile; fileRef = 07E826F41F5BF1BA0077A017 /* Main_iPad.storyboard */; };
		07E827461F5BF1BA0077A017 /* Main_iPhone.storyboard in Resources */ = {isa = PBXBuildFile; fileRef = 07E826F51F5BF1BA0077A017 /* Main_iPhone.storyboard */; };
		07E827471F5BF1BA0077A017 /* Settings.storyboard in Resources */ = {isa = PBXBuildFile; fileRef = 07E826F61F5BF1BA0077A017 /* Settings.storyboard */; };
		07E827481F5BF1BA0077A017 /* Configure.swift in Sources */ = {isa = PBXBuildFile; fileRef = 07E826F81F5BF1BA0077A017 /* Configure.swift */; };
		07E827491F5BF1BA0077A017 /* Constant.swift in Sources */ = {isa = PBXBuildFile; fileRef = 07E826F91F5BF1BA0077A017 /* Constant.swift */; };
		07E8274A1F5BF1BA0077A017 /* EventBus.swift in Sources */ = {isa = PBXBuildFile; fileRef = 07E826FA1F5BF1BA0077A017 /* EventBus.swift */; };
		07E8274C1F5BF1BA0077A017 /* Localization.swift in Sources */ = {isa = PBXBuildFile; fileRef = 07E826FC1F5BF1BA0077A017 /* Localization.swift */; };
		07E8274D1F5BF1BA0077A017 /* Utils.swift in Sources */ = {isa = PBXBuildFile; fileRef = 07E826FD1F5BF1BA0077A017 /* Utils.swift */; };
		07E8274E1F5BF1BA0077A017 /* AssistBar.swift in Sources */ = {isa = PBXBuildFile; fileRef = 07E826FF1F5BF1BA0077A017 /* AssistBar.swift */; };
		07E8274F1F5BF1BA0077A017 /* DottedLineView.swift in Sources */ = {isa = PBXBuildFile; fileRef = 07E827001F5BF1BA0077A017 /* DottedLineView.swift */; };
		07E827501F5BF1BA0077A017 /* FileTableViewCell.swift in Sources */ = {isa = PBXBuildFile; fileRef = 07E827011F5BF1BA0077A017 /* FileTableViewCell.swift */; };
		07E827521F5BF1BA0077A017 /* MenuView.swift in Sources */ = {isa = PBXBuildFile; fileRef = 07E827031F5BF1BA0077A017 /* MenuView.swift */; };
		07E827551F5BF1BA0077A017 /* EditViewController.swift in Sources */ = {isa = PBXBuildFile; fileRef = 07E827071F5BF1BA0077A017 /* EditViewController.swift */; };
		07E827561F5BF1BA0077A017 /* FilesViewController.swift in Sources */ = {isa = PBXBuildFile; fileRef = 07E827081F5BF1BA0077A017 /* FilesViewController.swift */; };
		07E827581F5BF1BA0077A017 /* NavigationController.swift in Sources */ = {isa = PBXBuildFile; fileRef = 07E8270A1F5BF1BA0077A017 /* NavigationController.swift */; };
		07E827591F5BF1BA0077A017 /* OptionsViewController.swift in Sources */ = {isa = PBXBuildFile; fileRef = 07E8270B1F5BF1BA0077A017 /* OptionsViewController.swift */; };
		07E8275A1F5BF1BA0077A017 /* SettingsViewController.swift in Sources */ = {isa = PBXBuildFile; fileRef = 07E8270C1F5BF1BA0077A017 /* SettingsViewController.swift */; };
		07E8275B1F5BF1BA0077A017 /* TextViewController.swift in Sources */ = {isa = PBXBuildFile; fileRef = 07E8270D1F5BF1BA0077A017 /* TextViewController.swift */; };
		07E8275C1F5BF1BA0077A017 /* WebViewController.swift in Sources */ = {isa = PBXBuildFile; fileRef = 07E8270E1F5BF1BA0077A017 /* WebViewController.swift */; };
		07E8275D1F5BF1BA0077A017 /* WrapViewController.swift in Sources */ = {isa = PBXBuildFile; fileRef = 07E8270F1F5BF1BA0077A017 /* WrapViewController.swift */; };
		07E827651F5BF24B0077A017 /* Localizable.strings in Resources */ = {isa = PBXBuildFile; fileRef = 07E827671F5BF24B0077A017 /* Localizable.strings */; };
		07E8276C1F5BFD880077A017 /* ImageSaver.swift in Sources */ = {isa = PBXBuildFile; fileRef = 07E8276B1F5BFD880077A017 /* ImageSaver.swift */; };
		C1D8DF07B0DF6E27F81AA609 /* Pods_MarkLite.framework in Frameworks */ = {isa = PBXBuildFile; fileRef = 2BAF011D2BD7C7FE8749C859 /* Pods_MarkLite.framework */; };
/* End PBXBuildFile section */

/* Begin PBXFileReference section */
		0708A5651F6A2E4B0018B4CF /* en */ = {isa = PBXFileReference; lastKnownFileType = text.plist.strings; name = en; path = en.lproj/Localizable.strings; sourceTree = "<group>"; };
		0724281A1F726B0300C02F87 /* ImagePicker.swift */ = {isa = PBXFileReference; fileEncoding = 4; lastKnownFileType = sourcecode.swift; path = ImagePicker.swift; sourceTree = "<group>"; };
		07DE506E21538679007B38D0 /* Style.zip */ = {isa = PBXFileReference; lastKnownFileType = archive.zip; path = Style.zip; sourceTree = "<group>"; };
		07E826921F5BF0F20077A017 /* MarkLite.app */ = {isa = PBXFileReference; explicitFileType = wrapper.application; includeInIndex = 0; path = MarkLite.app; sourceTree = BUILT_PRODUCTS_DIR; };
		07E826951F5BF0F20077A017 /* AppDelegate.swift */ = {isa = PBXFileReference; lastKnownFileType = sourcecode.swift; path = AppDelegate.swift; sourceTree = "<group>"; };
		07E8269C1F5BF0F20077A017 /* Assets.xcassets */ = {isa = PBXFileReference; lastKnownFileType = folder.assetcatalog; path = Assets.xcassets; sourceTree = "<group>"; };
		07E8269F1F5BF0F20077A017 /* Base */ = {isa = PBXFileReference; lastKnownFileType = file.storyboard; name = Base; path = Base.lproj/LaunchScreen.storyboard; sourceTree = "<group>"; };
		07E826A11F5BF0F20077A017 /* Info.plist */ = {isa = PBXFileReference; lastKnownFileType = text.plist.xml; path = Info.plist; sourceTree = "<group>"; };
		07E826A81F5BF1BA0077A017 /* HighlightManager.swift */ = {isa = PBXFileReference; fileEncoding = 4; lastKnownFileType = sourcecode.swift; path = HighlightManager.swift; sourceTree = "<group>"; };
		07E826AA1F5BF1BA0077A017 /* autolink.c */ = {isa = PBXFileReference; fileEncoding = 4; lastKnownFileType = sourcecode.c.c; path = autolink.c; sourceTree = "<group>"; };
		07E826AB1F5BF1BA0077A017 /* autolink.h */ = {isa = PBXFileReference; fileEncoding = 4; lastKnownFileType = sourcecode.c.h; path = autolink.h; sourceTree = "<group>"; };
		07E826AC1F5BF1BA0077A017 /* buffer.c */ = {isa = PBXFileReference; fileEncoding = 4; lastKnownFileType = sourcecode.c.c; path = buffer.c; sourceTree = "<group>"; };
		07E826AD1F5BF1BA0077A017 /* buffer.h */ = {isa = PBXFileReference; fileEncoding = 4; lastKnownFileType = sourcecode.c.h; path = buffer.h; sourceTree = "<group>"; };
		07E826AE1F5BF1BA0077A017 /* document.c */ = {isa = PBXFileReference; fileEncoding = 4; lastKnownFileType = sourcecode.c.c; path = document.c; sourceTree = "<group>"; };
		07E826AF1F5BF1BA0077A017 /* document.h */ = {isa = PBXFileReference; fileEncoding = 4; lastKnownFileType = sourcecode.c.h; path = document.h; sourceTree = "<group>"; };
		07E826B01F5BF1BA0077A017 /* escape.c */ = {isa = PBXFileReference; fileEncoding = 4; lastKnownFileType = sourcecode.c.c; path = escape.c; sourceTree = "<group>"; };
		07E826B11F5BF1BA0077A017 /* escape.h */ = {isa = PBXFileReference; fileEncoding = 4; lastKnownFileType = sourcecode.c.h; path = escape.h; sourceTree = "<group>"; };
		07E826B21F5BF1BA0077A017 /* hoedown_html_patch.c */ = {isa = PBXFileReference; fileEncoding = 4; lastKnownFileType = sourcecode.c.c; path = hoedown_html_patch.c; sourceTree = "<group>"; };
		07E826B31F5BF1BA0077A017 /* hoedown_html_patch.h */ = {isa = PBXFileReference; fileEncoding = 4; lastKnownFileType = sourcecode.c.h; path = hoedown_html_patch.h; sourceTree = "<group>"; };
		07E826B41F5BF1BA0077A017 /* html.c */ = {isa = PBXFileReference; fileEncoding = 4; lastKnownFileType = sourcecode.c.c; path = html.c; sourceTree = "<group>"; };
		07E826B51F5BF1BA0077A017 /* html.h */ = {isa = PBXFileReference; fileEncoding = 4; lastKnownFileType = sourcecode.c.h; path = html.h; sourceTree = "<group>"; };
		07E826B61F5BF1BA0077A017 /* html_blocks.c */ = {isa = PBXFileReference; fileEncoding = 4; lastKnownFileType = sourcecode.c.c; path = html_blocks.c; sourceTree = "<group>"; };
		07E826B71F5BF1BA0077A017 /* html_smartypants.c */ = {isa = PBXFileReference; fileEncoding = 4; lastKnownFileType = sourcecode.c.c; path = html_smartypants.c; sourceTree = "<group>"; };
		07E826B81F5BF1BA0077A017 /* stack.c */ = {isa = PBXFileReference; fileEncoding = 4; lastKnownFileType = sourcecode.c.c; path = stack.c; sourceTree = "<group>"; };
		07E826B91F5BF1BA0077A017 /* stack.h */ = {isa = PBXFileReference; fileEncoding = 4; lastKnownFileType = sourcecode.c.h; path = stack.h; sourceTree = "<group>"; };
		07E826BA1F5BF1BA0077A017 /* version.c */ = {isa = PBXFileReference; fileEncoding = 4; lastKnownFileType = sourcecode.c.c; path = version.c; sourceTree = "<group>"; };
		07E826BB1F5BF1BA0077A017 /* version.h */ = {isa = PBXFileReference; fileEncoding = 4; lastKnownFileType = sourcecode.c.h; path = version.h; sourceTree = "<group>"; };
		07E826BC1F5BF1BA0077A017 /* hoedown_helper.h */ = {isa = PBXFileReference; fileEncoding = 4; lastKnownFileType = sourcecode.c.h; path = hoedown_helper.h; sourceTree = "<group>"; };
		07E826BD1F5BF1BA0077A017 /* MarkLite-Bridging-Header.h */ = {isa = PBXFileReference; fileEncoding = 4; lastKnownFileType = sourcecode.c.h; path = "MarkLite-Bridging-Header.h"; sourceTree = "<group>"; };
		07E826BE1F5BF1BA0077A017 /* PdfRender.swift */ = {isa = PBXFileReference; fileEncoding = 4; lastKnownFileType = sourcecode.swift; path = PdfRender.swift; sourceTree = "<group>"; };
		07E826BF1F5BF1BA0077A017 /* RenderManager.swift */ = {isa = PBXFileReference; fileEncoding = 4; lastKnownFileType = sourcecode.swift; path = RenderManager.swift; sourceTree = "<group>"; };
		07E826C11F5BF1BA0077A017 /* File.swift */ = {isa = PBXFileReference; fileEncoding = 4; lastKnownFileType = sourcecode.swift; path = File.swift; sourceTree = "<group>"; };
		07E826C21F5BF1BA0077A017 /* Theme.swift */ = {isa = PBXFileReference; fileEncoding = 4; lastKnownFileType = sourcecode.swift; path = Theme.swift; sourceTree = "<group>"; };
		07E826D31F5BF1BA0077A017 /* samples.zip */ = {isa = PBXFileReference; lastKnownFileType = archive.zip; path = samples.zip; sourceTree = "<group>"; };
		07E826F31F5BF1BA0077A017 /* Edit.storyboard */ = {isa = PBXFileReference; fileEncoding = 4; lastKnownFileType = file.storyboard; path = Edit.storyboard; sourceTree = "<group>"; };
		07E826F41F5BF1BA0077A017 /* Main_iPad.storyboard */ = {isa = PBXFileReference; fileEncoding = 4; lastKnownFileType = file.storyboard; path = Main_iPad.storyboard; sourceTree = "<group>"; };
		07E826F51F5BF1BA0077A017 /* Main_iPhone.storyboard */ = {isa = PBXFileReference; fileEncoding = 4; lastKnownFileType = file.storyboard; path = Main_iPhone.storyboard; sourceTree = "<group>"; };
		07E826F61F5BF1BA0077A017 /* Settings.storyboard */ = {isa = PBXFileReference; fileEncoding = 4; lastKnownFileType = file.storyboard; path = Settings.storyboard; sourceTree = "<group>"; };
		07E826F81F5BF1BA0077A017 /* Configure.swift */ = {isa = PBXFileReference; fileEncoding = 4; lastKnownFileType = sourcecode.swift; path = Configure.swift; sourceTree = "<group>"; };
		07E826F91F5BF1BA0077A017 /* Constant.swift */ = {isa = PBXFileReference; fileEncoding = 4; lastKnownFileType = sourcecode.swift; path = Constant.swift; sourceTree = "<group>"; };
		07E826FA1F5BF1BA0077A017 /* EventBus.swift */ = {isa = PBXFileReference; fileEncoding = 4; lastKnownFileType = sourcecode.swift; path = EventBus.swift; sourceTree = "<group>"; };
		07E826FC1F5BF1BA0077A017 /* Localization.swift */ = {isa = PBXFileReference; fileEncoding = 4; lastKnownFileType = sourcecode.swift; path = Localization.swift; sourceTree = "<group>"; };
		07E826FD1F5BF1BA0077A017 /* Utils.swift */ = {isa = PBXFileReference; fileEncoding = 4; lastKnownFileType = sourcecode.swift; path = Utils.swift; sourceTree = "<group>"; };
		07E826FF1F5BF1BA0077A017 /* AssistBar.swift */ = {isa = PBXFileReference; fileEncoding = 4; lastKnownFileType = sourcecode.swift; path = AssistBar.swift; sourceTree = "<group>"; };
		07E827001F5BF1BA0077A017 /* DottedLineView.swift */ = {isa = PBXFileReference; fileEncoding = 4; lastKnownFileType = sourcecode.swift; path = DottedLineView.swift; sourceTree = "<group>"; };
		07E827011F5BF1BA0077A017 /* FileTableViewCell.swift */ = {isa = PBXFileReference; fileEncoding = 4; lastKnownFileType = sourcecode.swift; path = FileTableViewCell.swift; sourceTree = "<group>"; };
		07E827031F5BF1BA0077A017 /* MenuView.swift */ = {isa = PBXFileReference; fileEncoding = 4; lastKnownFileType = sourcecode.swift; path = MenuView.swift; sourceTree = "<group>"; };
		07E827071F5BF1BA0077A017 /* EditViewController.swift */ = {isa = PBXFileReference; fileEncoding = 4; lastKnownFileType = sourcecode.swift; path = EditViewController.swift; sourceTree = "<group>"; };
		07E827081F5BF1BA0077A017 /* FilesViewController.swift */ = {isa = PBXFileReference; fileEncoding = 4; lastKnownFileType = sourcecode.swift; path = FilesViewController.swift; sourceTree = "<group>"; };
		07E8270A1F5BF1BA0077A017 /* NavigationController.swift */ = {isa = PBXFileReference; fileEncoding = 4; lastKnownFileType = sourcecode.swift; path = NavigationController.swift; sourceTree = "<group>"; };
		07E8270B1F5BF1BA0077A017 /* OptionsViewController.swift */ = {isa = PBXFileReference; fileEncoding = 4; lastKnownFileType = sourcecode.swift; path = OptionsViewController.swift; sourceTree = "<group>"; };
		07E8270C1F5BF1BA0077A017 /* SettingsViewController.swift */ = {isa = PBXFileReference; fileEncoding = 4; lastKnownFileType = sourcecode.swift; path = SettingsViewController.swift; sourceTree = "<group>"; };
		07E8270D1F5BF1BA0077A017 /* TextViewController.swift */ = {isa = PBXFileReference; fileEncoding = 4; lastKnownFileType = sourcecode.swift; path = TextViewController.swift; sourceTree = "<group>"; };
		07E8270E1F5BF1BA0077A017 /* WebViewController.swift */ = {isa = PBXFileReference; fileEncoding = 4; lastKnownFileType = sourcecode.swift; path = WebViewController.swift; sourceTree = "<group>"; };
		07E8270F1F5BF1BA0077A017 /* WrapViewController.swift */ = {isa = PBXFileReference; fileEncoding = 4; lastKnownFileType = sourcecode.swift; path = WrapViewController.swift; sourceTree = "<group>"; };
		07E8275E1F5BF1D10077A017 /* MarkLite.entitlements */ = {isa = PBXFileReference; lastKnownFileType = text.plist.entitlements; path = MarkLite.entitlements; sourceTree = "<group>"; };
		07E827611F5BF1FC0077A017 /* zh-Hans */ = {isa = PBXFileReference; lastKnownFileType = text.plist.strings; name = "zh-Hans"; path = "zh-Hans.lproj/LaunchScreen.strings"; sourceTree = "<group>"; };
		07E827621F5BF2020077A017 /* zh-Hant */ = {isa = PBXFileReference; lastKnownFileType = text.plist.strings; name = "zh-Hant"; path = "zh-Hant.lproj/LaunchScreen.strings"; sourceTree = "<group>"; };
		07E827661F5BF24B0077A017 /* Base */ = {isa = PBXFileReference; lastKnownFileType = text.plist.strings; name = Base; path = Base.lproj/Localizable.strings; sourceTree = "<group>"; };
		07E827691F5BF24E0077A017 /* zh-Hans */ = {isa = PBXFileReference; lastKnownFileType = text.plist.strings; name = "zh-Hans"; path = "zh-Hans.lproj/Localizable.strings"; sourceTree = "<group>"; };
		07E8276A1F5BF2500077A017 /* zh-Hant */ = {isa = PBXFileReference; lastKnownFileType = text.plist.strings; name = "zh-Hant"; path = "zh-Hant.lproj/Localizable.strings"; sourceTree = "<group>"; };
		07E8276B1F5BFD880077A017 /* ImageSaver.swift */ = {isa = PBXFileReference; fileEncoding = 4; lastKnownFileType = sourcecode.swift; path = ImageSaver.swift; sourceTree = "<group>"; };
		2BAF011D2BD7C7FE8749C859 /* Pods_MarkLite.framework */ = {isa = PBXFileReference; explicitFileType = wrapper.framework; includeInIndex = 0; path = Pods_MarkLite.framework; sourceTree = BUILT_PRODUCTS_DIR; };
		35BB96C49577417FB30DDAC7 /* Pods-MarkLite.debug.xcconfig */ = {isa = PBXFileReference; includeInIndex = 1; lastKnownFileType = text.xcconfig; name = "Pods-MarkLite.debug.xcconfig"; path = "Pods/Target Support Files/Pods-MarkLite/Pods-MarkLite.debug.xcconfig"; sourceTree = "<group>"; };
		58249A080329B6A7C4EEF3E3 /* Pods-MarkLite.release.xcconfig */ = {isa = PBXFileReference; includeInIndex = 1; lastKnownFileType = text.xcconfig; name = "Pods-MarkLite.release.xcconfig"; path = "Pods/Target Support Files/Pods-MarkLite/Pods-MarkLite.release.xcconfig"; sourceTree = "<group>"; };
/* End PBXFileReference section */

/* Begin PBXFrameworksBuildPhase section */
		07E8268F1F5BF0F20077A017 /* Frameworks */ = {
			isa = PBXFrameworksBuildPhase;
			buildActionMask = 2147483647;
			files = (
				C1D8DF07B0DF6E27F81AA609 /* Pods_MarkLite.framework in Frameworks */,
			);
			runOnlyForDeploymentPostprocessing = 0;
		};
/* End PBXFrameworksBuildPhase section */

/* Begin PBXGroup section */
		07E826891F5BF0F20077A017 = {
			isa = PBXGroup;
			children = (
				07E826941F5BF0F20077A017 /* MarkLite */,
				07E826931F5BF0F20077A017 /* Products */,
				884442E41EEF6850184F9E8F /* Pods */,
				27D8A15A071498C039A9B873 /* Frameworks */,
			);
			sourceTree = "<group>";
		};
		07E826931F5BF0F20077A017 /* Products */ = {
			isa = PBXGroup;
			children = (
				07E826921F5BF0F20077A017 /* MarkLite.app */,
			);
			name = Products;
			sourceTree = "<group>";
		};
		07E826941F5BF0F20077A017 /* MarkLite */ = {
			isa = PBXGroup;
			children = (
				07E8275E1F5BF1D10077A017 /* MarkLite.entitlements */,
				07E826951F5BF0F20077A017 /* AppDelegate.swift */,
				07E826A71F5BF1BA0077A017 /* Core */,
				07E826F71F5BF1BA0077A017 /* Utils */,
				07E826C01F5BF1BA0077A017 /* Model */,
				07E826FE1F5BF1BA0077A017 /* View */,
				07E827061F5BF1BA0077A017 /* ViewController */,
				07E826F21F5BF1BA0077A017 /* StoryBoard */,
				07E826C31F5BF1BA0077A017 /* Resource */,
				07E8269C1F5BF0F20077A017 /* Assets.xcassets */,
				07E8269E1F5BF0F20077A017 /* LaunchScreen.storyboard */,
				07E826A11F5BF0F20077A017 /* Info.plist */,
				07E827671F5BF24B0077A017 /* Localizable.strings */,
			);
			path = MarkLite;
			sourceTree = "<group>";
		};
		07E826A71F5BF1BA0077A017 /* Core */ = {
			isa = PBXGroup;
			children = (
				07E826A81F5BF1BA0077A017 /* HighlightManager.swift */,
				07E826A91F5BF1BA0077A017 /* hoedown */,
				07E826BC1F5BF1BA0077A017 /* hoedown_helper.h */,
				07E826BD1F5BF1BA0077A017 /* MarkLite-Bridging-Header.h */,
				07E826BE1F5BF1BA0077A017 /* PdfRender.swift */,
				07E826BF1F5BF1BA0077A017 /* RenderManager.swift */,
			);
			path = Core;
			sourceTree = "<group>";
		};
		07E826A91F5BF1BA0077A017 /* hoedown */ = {
			isa = PBXGroup;
			children = (
				07E826AA1F5BF1BA0077A017 /* autolink.c */,
				07E826AB1F5BF1BA0077A017 /* autolink.h */,
				07E826AC1F5BF1BA0077A017 /* buffer.c */,
				07E826AD1F5BF1BA0077A017 /* buffer.h */,
				07E826AE1F5BF1BA0077A017 /* document.c */,
				07E826AF1F5BF1BA0077A017 /* document.h */,
				07E826B01F5BF1BA0077A017 /* escape.c */,
				07E826B11F5BF1BA0077A017 /* escape.h */,
				07E826B21F5BF1BA0077A017 /* hoedown_html_patch.c */,
				07E826B31F5BF1BA0077A017 /* hoedown_html_patch.h */,
				07E826B41F5BF1BA0077A017 /* html.c */,
				07E826B51F5BF1BA0077A017 /* html.h */,
				07E826B61F5BF1BA0077A017 /* html_blocks.c */,
				07E826B71F5BF1BA0077A017 /* html_smartypants.c */,
				07E826B81F5BF1BA0077A017 /* stack.c */,
				07E826B91F5BF1BA0077A017 /* stack.h */,
				07E826BA1F5BF1BA0077A017 /* version.c */,
				07E826BB1F5BF1BA0077A017 /* version.h */,
			);
			path = hoedown;
			sourceTree = "<group>";
		};
		07E826C01F5BF1BA0077A017 /* Model */ = {
			isa = PBXGroup;
			children = (
				07E826C11F5BF1BA0077A017 /* File.swift */,
				07E826C21F5BF1BA0077A017 /* Theme.swift */,
			);
			path = Model;
			sourceTree = "<group>";
		};
		07E826C31F5BF1BA0077A017 /* Resource */ = {
			isa = PBXGroup;
			children = (
				07E826D31F5BF1BA0077A017 /* samples.zip */,
				07DE506E21538679007B38D0 /* Style.zip */,
			);
			path = Resource;
			sourceTree = "<group>";
		};
		07E826F21F5BF1BA0077A017 /* StoryBoard */ = {
			isa = PBXGroup;
			children = (
				07E826F31F5BF1BA0077A017 /* Edit.storyboard */,
				07E826F41F5BF1BA0077A017 /* Main_iPad.storyboard */,
				07E826F51F5BF1BA0077A017 /* Main_iPhone.storyboard */,
				07E826F61F5BF1BA0077A017 /* Settings.storyboard */,
			);
			path = StoryBoard;
			sourceTree = "<group>";
		};
		07E826F71F5BF1BA0077A017 /* Utils */ = {
			isa = PBXGroup;
			children = (
				07E826F81F5BF1BA0077A017 /* Configure.swift */,
				07E826F91F5BF1BA0077A017 /* Constant.swift */,
				07E826FA1F5BF1BA0077A017 /* EventBus.swift */,
				07E826FC1F5BF1BA0077A017 /* Localization.swift */,
				07E826FD1F5BF1BA0077A017 /* Utils.swift */,
				07E8276B1F5BFD880077A017 /* ImageSaver.swift */,
				0724281A1F726B0300C02F87 /* ImagePicker.swift */,
			);
			path = Utils;
			sourceTree = "<group>";
		};
		07E826FE1F5BF1BA0077A017 /* View */ = {
			isa = PBXGroup;
			children = (
				07E826FF1F5BF1BA0077A017 /* AssistBar.swift */,
				07E827001F5BF1BA0077A017 /* DottedLineView.swift */,
				07E827011F5BF1BA0077A017 /* FileTableViewCell.swift */,
				07E827031F5BF1BA0077A017 /* MenuView.swift */,
			);
			path = View;
			sourceTree = "<group>";
		};
		07E827061F5BF1BA0077A017 /* ViewController */ = {
			isa = PBXGroup;
			children = (
				07E827071F5BF1BA0077A017 /* EditViewController.swift */,
				07E827081F5BF1BA0077A017 /* FilesViewController.swift */,
				07E8270A1F5BF1BA0077A017 /* NavigationController.swift */,
				07E8270B1F5BF1BA0077A017 /* OptionsViewController.swift */,
				07E8270C1F5BF1BA0077A017 /* SettingsViewController.swift */,
				07E8270D1F5BF1BA0077A017 /* TextViewController.swift */,
				07E8270E1F5BF1BA0077A017 /* WebViewController.swift */,
				07E8270F1F5BF1BA0077A017 /* WrapViewController.swift */,
			);
			path = ViewController;
			sourceTree = "<group>";
		};
		27D8A15A071498C039A9B873 /* Frameworks */ = {
			isa = PBXGroup;
			children = (
				2BAF011D2BD7C7FE8749C859 /* Pods_MarkLite.framework */,
			);
			name = Frameworks;
			sourceTree = "<group>";
		};
		884442E41EEF6850184F9E8F /* Pods */ = {
			isa = PBXGroup;
			children = (
				35BB96C49577417FB30DDAC7 /* Pods-MarkLite.debug.xcconfig */,
				58249A080329B6A7C4EEF3E3 /* Pods-MarkLite.release.xcconfig */,
			);
			name = Pods;
			sourceTree = "<group>";
		};
/* End PBXGroup section */

/* Begin PBXNativeTarget section */
		07E826911F5BF0F20077A017 /* MarkLite */ = {
			isa = PBXNativeTarget;
			buildConfigurationList = 07E826A41F5BF0F20077A017 /* Build configuration list for PBXNativeTarget "MarkLite" */;
			buildPhases = (
				78860D184327593D2CFAEC38 /* [CP] Check Pods Manifest.lock */,
				07E8268E1F5BF0F20077A017 /* Sources */,
				07E8268F1F5BF0F20077A017 /* Frameworks */,
				07E826901F5BF0F20077A017 /* Resources */,
				8B631354A5CCC1E3C0ABDA40 /* [CP] Embed Pods Frameworks */,
			);
			buildRules = (
			);
			dependencies = (
			);
			name = MarkLite;
			productName = MarkLite;
			productReference = 07E826921F5BF0F20077A017 /* MarkLite.app */;
			productType = "com.apple.product-type.application";
		};
/* End PBXNativeTarget section */

/* Begin PBXProject section */
		07E8268A1F5BF0F20077A017 /* Project object */ = {
			isa = PBXProject;
			attributes = {
				LastSwiftUpdateCheck = 0830;
				LastUpgradeCheck = 0940;
				ORGANIZATIONNAME = zhubch;
				TargetAttributes = {
					07E826911F5BF0F20077A017 = {
						CreatedOnToolsVersion = 8.3.3;
						DevelopmentTeam = HX6HU45L64;
						LastSwiftMigration = 0940;
						ProvisioningStyle = Automatic;
						SystemCapabilities = {
							com.apple.InAppPurchase = {
								enabled = 0;
							};
							com.apple.iCloud = {
								enabled = 1;
							};
						};
					};
				};
			};
			buildConfigurationList = 07E8268D1F5BF0F20077A017 /* Build configuration list for PBXProject "MarkLite" */;
			compatibilityVersion = "Xcode 3.2";
			developmentRegion = English;
			hasScannedForEncodings = 0;
			knownRegions = (
				en,
				Base,
				"zh-Hans",
				"zh-Hant",
			);
			mainGroup = 07E826891F5BF0F20077A017;
			productRefGroup = 07E826931F5BF0F20077A017 /* Products */;
			projectDirPath = "";
			projectRoot = "";
			targets = (
				07E826911F5BF0F20077A017 /* MarkLite */,
			);
		};
/* End PBXProject section */

/* Begin PBXResourcesBuildPhase section */
		07E826901F5BF0F20077A017 /* Resources */ = {
			isa = PBXResourcesBuildPhase;
			buildActionMask = 2147483647;
			files = (
				07E827471F5BF1BA0077A017 /* Settings.storyboard in Resources */,
				07E827441F5BF1BA0077A017 /* Edit.storyboard in Resources */,
				07E826A01F5BF0F20077A017 /* LaunchScreen.storyboard in Resources */,
				07E827461F5BF1BA0077A017 /* Main_iPhone.storyboard in Resources */,
				07E827291F5BF1BA0077A017 /* samples.zip in Resources */,
				07E827451F5BF1BA0077A017 /* Main_iPad.storyboard in Resources */,
				07E8269D1F5BF0F20077A017 /* Assets.xcassets in Resources */,
				07E827651F5BF24B0077A017 /* Localizable.strings in Resources */,
				07DE506F2153867A007B38D0 /* Style.zip in Resources */,
			);
			runOnlyForDeploymentPostprocessing = 0;
		};
/* End PBXResourcesBuildPhase section */

/* Begin PBXShellScriptBuildPhase section */
		78860D184327593D2CFAEC38 /* [CP] Check Pods Manifest.lock */ = {
			isa = PBXShellScriptBuildPhase;
			buildActionMask = 2147483647;
			files = (
			);
			inputPaths = (
				"${PODS_PODFILE_DIR_PATH}/Podfile.lock",
				"${PODS_ROOT}/Manifest.lock",
			);
			name = "[CP] Check Pods Manifest.lock";
			outputPaths = (
				"$(DERIVED_FILE_DIR)/Pods-MarkLite-checkManifestLockResult.txt",
			);
			runOnlyForDeploymentPostprocessing = 0;
			shellPath = /bin/sh;
			shellScript = "diff \"${PODS_PODFILE_DIR_PATH}/Podfile.lock\" \"${PODS_ROOT}/Manifest.lock\" > /dev/null\nif [ $? != 0 ] ; then\n    # print error to STDERR\n    echo \"error: The sandbox is not in sync with the Podfile.lock. Run 'pod install' or update your CocoaPods installation.\" >&2\n    exit 1\nfi\n# This output is used by Xcode 'outputs' to avoid re-running this script phase.\necho \"SUCCESS\" > \"${SCRIPT_OUTPUT_FILE_0}\"\n";
			showEnvVarsInLog = 0;
		};
		8B631354A5CCC1E3C0ABDA40 /* [CP] Embed Pods Frameworks */ = {
			isa = PBXShellScriptBuildPhase;
			buildActionMask = 2147483647;
			files = (
			);
			inputPaths = (
				"${SRCROOT}/Pods/Target Support Files/Pods-MarkLite/Pods-MarkLite-frameworks.sh",
				"${BUILT_PRODUCTS_DIR}/Alamofire/Alamofire.framework",
				"${BUILT_PRODUCTS_DIR}/EZSwiftExtensions/EZSwiftExtensions.framework",
				"${BUILT_PRODUCTS_DIR}/RxCocoa/RxCocoa.framework",
				"${BUILT_PRODUCTS_DIR}/RxSwift/RxSwift.framework",
				"${BUILT_PRODUCTS_DIR}/SideMenu/SideMenu.framework",
				"${BUILT_PRODUCTS_DIR}/SwipeCellKit/SwipeCellKit.framework",
				"${BUILT_PRODUCTS_DIR}/Zip/Zip.framework",
			);
			name = "[CP] Embed Pods Frameworks";
			outputPaths = (
				"${TARGET_BUILD_DIR}/${FRAMEWORKS_FOLDER_PATH}/Alamofire.framework",
				"${TARGET_BUILD_DIR}/${FRAMEWORKS_FOLDER_PATH}/EZSwiftExtensions.framework",
				"${TARGET_BUILD_DIR}/${FRAMEWORKS_FOLDER_PATH}/RxCocoa.framework",
				"${TARGET_BUILD_DIR}/${FRAMEWORKS_FOLDER_PATH}/RxSwift.framework",
				"${TARGET_BUILD_DIR}/${FRAMEWORKS_FOLDER_PATH}/SideMenu.framework",
				"${TARGET_BUILD_DIR}/${FRAMEWORKS_FOLDER_PATH}/SwipeCellKit.framework",
				"${TARGET_BUILD_DIR}/${FRAMEWORKS_FOLDER_PATH}/Zip.framework",
			);
			runOnlyForDeploymentPostprocessing = 0;
			shellPath = /bin/sh;
			shellScript = "\"${SRCROOT}/Pods/Target Support Files/Pods-MarkLite/Pods-MarkLite-frameworks.sh\"\n";
			showEnvVarsInLog = 0;
		};
/* End PBXShellScriptBuildPhase section */

/* Begin PBXSourcesBuildPhase section */
		07E8268E1F5BF0F20077A017 /* Sources */ = {
			isa = PBXSourcesBuildPhase;
			buildActionMask = 2147483647;
			files = (
				07E827181F5BF1BA0077A017 /* html_smartypants.c in Sources */,
				07E8274C1F5BF1BA0077A017 /* Localization.swift in Sources */,
				07E827561F5BF1BA0077A017 /* FilesViewController.swift in Sources */,
				07E827101F5BF1BA0077A017 /* HighlightManager.swift in Sources */,
				07E8275B1F5BF1BA0077A017 /* TextViewController.swift in Sources */,
				07E8274A1F5BF1BA0077A017 /* EventBus.swift in Sources */,
				07E8275A1F5BF1BA0077A017 /* SettingsViewController.swift in Sources */,
				07E8274E1F5BF1BA0077A017 /* AssistBar.swift in Sources */,
				07E827521F5BF1BA0077A017 /* MenuView.swift in Sources */,
				07E827591F5BF1BA0077A017 /* OptionsViewController.swift in Sources */,
				07E827551F5BF1BA0077A017 /* EditViewController.swift in Sources */,
				07E827161F5BF1BA0077A017 /* html.c in Sources */,
				07E827141F5BF1BA0077A017 /* escape.c in Sources */,
				07E8274D1F5BF1BA0077A017 /* Utils.swift in Sources */,
				07E8271D1F5BF1BA0077A017 /* File.swift in Sources */,
				07E827111F5BF1BA0077A017 /* autolink.c in Sources */,
				07E8274F1F5BF1BA0077A017 /* DottedLineView.swift in Sources */,
				0724281B1F726B0300C02F87 /* ImagePicker.swift in Sources */,
				07E8275C1F5BF1BA0077A017 /* WebViewController.swift in Sources */,
				07E827191F5BF1BA0077A017 /* stack.c in Sources */,
				07E8271C1F5BF1BA0077A017 /* RenderManager.swift in Sources */,
				07E827151F5BF1BA0077A017 /* hoedown_html_patch.c in Sources */,
				07E8276C1F5BFD880077A017 /* ImageSaver.swift in Sources */,
				07E827121F5BF1BA0077A017 /* buffer.c in Sources */,
				07E827131F5BF1BA0077A017 /* document.c in Sources */,
				07E8271B1F5BF1BA0077A017 /* PdfRender.swift in Sources */,
				07E827501F5BF1BA0077A017 /* FileTableViewCell.swift in Sources */,
				07E827491F5BF1BA0077A017 /* Constant.swift in Sources */,
				07E8271A1F5BF1BA0077A017 /* version.c in Sources */,
				07E827581F5BF1BA0077A017 /* NavigationController.swift in Sources */,
				07E827481F5BF1BA0077A017 /* Configure.swift in Sources */,
				07E8275D1F5BF1BA0077A017 /* WrapViewController.swift in Sources */,
				07E827171F5BF1BA0077A017 /* html_blocks.c in Sources */,
				07E826961F5BF0F20077A017 /* AppDelegate.swift in Sources */,
				07E8271E1F5BF1BA0077A017 /* Theme.swift in Sources */,
			);
			runOnlyForDeploymentPostprocessing = 0;
		};
/* End PBXSourcesBuildPhase section */

/* Begin PBXVariantGroup section */
		07E8269E1F5BF0F20077A017 /* LaunchScreen.storyboard */ = {
			isa = PBXVariantGroup;
			children = (
				07E8269F1F5BF0F20077A017 /* Base */,
				07E827611F5BF1FC0077A017 /* zh-Hans */,
				07E827621F5BF2020077A017 /* zh-Hant */,
			);
			name = LaunchScreen.storyboard;
			sourceTree = "<group>";
		};
		07E827671F5BF24B0077A017 /* Localizable.strings */ = {
			isa = PBXVariantGroup;
			children = (
				07E827661F5BF24B0077A017 /* Base */,
				07E827691F5BF24E0077A017 /* zh-Hans */,
				07E8276A1F5BF2500077A017 /* zh-Hant */,
				0708A5651F6A2E4B0018B4CF /* en */,
			);
			name = Localizable.strings;
			sourceTree = "<group>";
		};
/* End PBXVariantGroup section */

/* Begin XCBuildConfiguration section */
		07E826A21F5BF0F20077A017 /* Debug */ = {
			isa = XCBuildConfiguration;
			buildSettings = {
				ALWAYS_SEARCH_USER_PATHS = NO;
				CLANG_ANALYZER_LOCALIZABILITY_NONLOCALIZED = YES;
				CLANG_ANALYZER_NONNULL = YES;
				CLANG_ANALYZER_NUMBER_OBJECT_CONVERSION = YES_AGGRESSIVE;
				CLANG_CXX_LANGUAGE_STANDARD = "gnu++0x";
				CLANG_CXX_LIBRARY = "libc++";
				CLANG_ENABLE_MODULES = YES;
				CLANG_ENABLE_OBJC_ARC = YES;
				CLANG_WARN_BLOCK_CAPTURE_AUTORELEASING = YES;
				CLANG_WARN_BOOL_CONVERSION = YES;
				CLANG_WARN_COMMA = YES;
				CLANG_WARN_CONSTANT_CONVERSION = YES;
				CLANG_WARN_DEPRECATED_OBJC_IMPLEMENTATIONS = YES;
				CLANG_WARN_DIRECT_OBJC_ISA_USAGE = YES_ERROR;
				CLANG_WARN_DOCUMENTATION_COMMENTS = YES;
				CLANG_WARN_EMPTY_BODY = YES;
				CLANG_WARN_ENUM_CONVERSION = YES;
				CLANG_WARN_INFINITE_RECURSION = YES;
				CLANG_WARN_INT_CONVERSION = YES;
				CLANG_WARN_NON_LITERAL_NULL_CONVERSION = YES;
				CLANG_WARN_OBJC_IMPLICIT_RETAIN_SELF = YES;
				CLANG_WARN_OBJC_LITERAL_CONVERSION = YES;
				CLANG_WARN_OBJC_ROOT_CLASS = YES_ERROR;
				CLANG_WARN_RANGE_LOOP_ANALYSIS = YES;
				CLANG_WARN_STRICT_PROTOTYPES = YES;
				CLANG_WARN_SUSPICIOUS_MOVE = YES;
				CLANG_WARN_UNREACHABLE_CODE = YES;
				CLANG_WARN__DUPLICATE_METHOD_MATCH = YES;
				"CODE_SIGN_IDENTITY[sdk=iphoneos*]" = "iPhone Developer";
				COPY_PHASE_STRIP = NO;
				DEBUG_INFORMATION_FORMAT = dwarf;
				ENABLE_STRICT_OBJC_MSGSEND = YES;
				ENABLE_TESTABILITY = YES;
				GCC_C_LANGUAGE_STANDARD = gnu99;
				GCC_DYNAMIC_NO_PIC = NO;
				GCC_NO_COMMON_BLOCKS = YES;
				GCC_OPTIMIZATION_LEVEL = 0;
				GCC_PREPROCESSOR_DEFINITIONS = (
					"DEBUG=1",
					"$(inherited)",
				);
				GCC_WARN_64_TO_32_BIT_CONVERSION = YES;
				GCC_WARN_ABOUT_RETURN_TYPE = YES_ERROR;
				GCC_WARN_UNDECLARED_SELECTOR = YES;
				GCC_WARN_UNINITIALIZED_AUTOS = YES_AGGRESSIVE;
				GCC_WARN_UNUSED_FUNCTION = YES;
				GCC_WARN_UNUSED_VARIABLE = YES;
				IPHONEOS_DEPLOYMENT_TARGET = 10.3;
				MTL_ENABLE_DEBUG_INFO = YES;
				ONLY_ACTIVE_ARCH = YES;
				SDKROOT = iphoneos;
				SWIFT_ACTIVE_COMPILATION_CONDITIONS = DEBUG;
				SWIFT_OPTIMIZATION_LEVEL = "-Onone";
				SWIFT_VERSION = 4.0;
				TARGETED_DEVICE_FAMILY = "1,2";
			};
			name = Debug;
		};
		07E826A31F5BF0F20077A017 /* Release */ = {
			isa = XCBuildConfiguration;
			buildSettings = {
				ALWAYS_SEARCH_USER_PATHS = NO;
				CLANG_ANALYZER_LOCALIZABILITY_NONLOCALIZED = YES;
				CLANG_ANALYZER_NONNULL = YES;
				CLANG_ANALYZER_NUMBER_OBJECT_CONVERSION = YES_AGGRESSIVE;
				CLANG_CXX_LANGUAGE_STANDARD = "gnu++0x";
				CLANG_CXX_LIBRARY = "libc++";
				CLANG_ENABLE_MODULES = YES;
				CLANG_ENABLE_OBJC_ARC = YES;
				CLANG_WARN_BLOCK_CAPTURE_AUTORELEASING = YES;
				CLANG_WARN_BOOL_CONVERSION = YES;
				CLANG_WARN_COMMA = YES;
				CLANG_WARN_CONSTANT_CONVERSION = YES;
				CLANG_WARN_DEPRECATED_OBJC_IMPLEMENTATIONS = YES;
				CLANG_WARN_DIRECT_OBJC_ISA_USAGE = YES_ERROR;
				CLANG_WARN_DOCUMENTATION_COMMENTS = YES;
				CLANG_WARN_EMPTY_BODY = YES;
				CLANG_WARN_ENUM_CONVERSION = YES;
				CLANG_WARN_INFINITE_RECURSION = YES;
				CLANG_WARN_INT_CONVERSION = YES;
				CLANG_WARN_NON_LITERAL_NULL_CONVERSION = YES;
				CLANG_WARN_OBJC_IMPLICIT_RETAIN_SELF = YES;
				CLANG_WARN_OBJC_LITERAL_CONVERSION = YES;
				CLANG_WARN_OBJC_ROOT_CLASS = YES_ERROR;
				CLANG_WARN_RANGE_LOOP_ANALYSIS = YES;
				CLANG_WARN_STRICT_PROTOTYPES = YES;
				CLANG_WARN_SUSPICIOUS_MOVE = YES;
				CLANG_WARN_UNREACHABLE_CODE = YES;
				CLANG_WARN__DUPLICATE_METHOD_MATCH = YES;
				"CODE_SIGN_IDENTITY[sdk=iphoneos*]" = "iPhone Developer";
				COPY_PHASE_STRIP = NO;
				DEBUG_INFORMATION_FORMAT = "dwarf-with-dsym";
				ENABLE_NS_ASSERTIONS = NO;
				ENABLE_STRICT_OBJC_MSGSEND = YES;
				GCC_C_LANGUAGE_STANDARD = gnu99;
				GCC_NO_COMMON_BLOCKS = YES;
				GCC_WARN_64_TO_32_BIT_CONVERSION = YES;
				GCC_WARN_ABOUT_RETURN_TYPE = YES_ERROR;
				GCC_WARN_UNDECLARED_SELECTOR = YES;
				GCC_WARN_UNINITIALIZED_AUTOS = YES_AGGRESSIVE;
				GCC_WARN_UNUSED_FUNCTION = YES;
				GCC_WARN_UNUSED_VARIABLE = YES;
				IPHONEOS_DEPLOYMENT_TARGET = 10.3;
				MTL_ENABLE_DEBUG_INFO = NO;
				SDKROOT = iphoneos;
				SWIFT_OPTIMIZATION_LEVEL = "-Owholemodule";
				SWIFT_VERSION = 4.0;
				TARGETED_DEVICE_FAMILY = "1,2";
				VALIDATE_PRODUCT = YES;
			};
			name = Release;
		};
		07E826A51F5BF0F20077A017 /* Debug */ = {
			isa = XCBuildConfiguration;
			baseConfigurationReference = 35BB96C49577417FB30DDAC7 /* Pods-MarkLite.debug.xcconfig */;
			buildSettings = {
				ASSETCATALOG_COMPILER_APPICON_NAME = AppIcon;
				CODE_SIGN_ENTITLEMENTS = MarkLite/MarkLite.entitlements;
				DEVELOPMENT_TEAM = HX6HU45L64;
				INFOPLIST_FILE = MarkLite/Info.plist;
				IPHONEOS_DEPLOYMENT_TARGET = 9.0;
				LD_RUNPATH_SEARCH_PATHS = "$(inherited) @executable_path/Frameworks";
				PRODUCT_BUNDLE_IDENTIFIER = com.zhubch.MarkLite;
				PRODUCT_NAME = "$(TARGET_NAME)";
				SWIFT_ENABLE_BATCH_MODE = NO;
				SWIFT_OBJC_BRIDGING_HEADER = "MarkLite/Core/MarkLite-Bridging-Header.h";
				SWIFT_SWIFT3_OBJC_INFERENCE = Default;
				SWIFT_VERSION = 4.0;
			};
			name = Debug;
		};
		07E826A61F5BF0F20077A017 /* Release */ = {
			isa = XCBuildConfiguration;
			baseConfigurationReference = 58249A080329B6A7C4EEF3E3 /* Pods-MarkLite.release.xcconfig */;
			buildSettings = {
				ASSETCATALOG_COMPILER_APPICON_NAME = AppIcon;
				CODE_SIGN_ENTITLEMENTS = MarkLite/MarkLite.entitlements;
				DEVELOPMENT_TEAM = HX6HU45L64;
				INFOPLIST_FILE = MarkLite/Info.plist;
				IPHONEOS_DEPLOYMENT_TARGET = 9.0;
				LD_RUNPATH_SEARCH_PATHS = "$(inherited) @executable_path/Frameworks";
				PRODUCT_BUNDLE_IDENTIFIER = com.zhubch.MarkLite;
				PRODUCT_NAME = "$(TARGET_NAME)";
				SWIFT_ENABLE_BATCH_MODE = NO;
				SWIFT_OBJC_BRIDGING_HEADER = "MarkLite/Core/MarkLite-Bridging-Header.h";
				SWIFT_SWIFT3_OBJC_INFERENCE = Default;
				SWIFT_VERSION = 4.0;
			};
			name = Release;
		};
/* End XCBuildConfiguration section */

/* Begin XCConfigurationList section */
		07E8268D1F5BF0F20077A017 /* Build configuration list for PBXProject "MarkLite" */ = {
			isa = XCConfigurationList;
			buildConfigurations = (
				07E826A21F5BF0F20077A017 /* Debug */,
				07E826A31F5BF0F20077A017 /* Release */,
			);
			defaultConfigurationIsVisible = 0;
			defaultConfigurationName = Release;
		};
		07E826A41F5BF0F20077A017 /* Build configuration list for PBXNativeTarget "MarkLite" */ = {
			isa = XCConfigurationList;
			buildConfigurations = (
				07E826A51F5BF0F20077A017 /* Debug */,
				07E826A61F5BF0F20077A017 /* Release */,
			);
			defaultConfigurationIsVisible = 0;
			defaultConfigurationName = Release;
		};
/* End XCConfigurationList section */
	};
	rootObject = 07E8268A1F5BF0F20077A017 /* Project object */;
}
